
Microsoft Visual Studio Solution File, Format Version 12.00
# Visual Studio Version 17
VisualStudioVersion = 17.5.33424.131
MinimumVisualStudioVersion = 10.0.40219.1
Project("{2150E333-8FDC-42A3-9474-1A3956D46DE8}") = "src", "src", "{BDF6F2C1-A091-4AF4-8B7E-211F8FBF9589}"
EndProject
Project("{2150E333-8FDC-42A3-9474-1A3956D46DE8}") = "tests", "tests", "{D17422A2-FAD9-4262-B063-B44ECF6BB213}"
EndProject
Project("{9A19103F-16F7-4668-BE54-9A1E7A4F7556}") = "MOHU.Integration.WebApi", "MOHU.Integration\src\MOHU.Integration.WebApi\MOHU.Integration.WebApi.csproj", "{A031FE91-4510-4B29-807C-4242841FA0E5}"
EndProject
Project("{9A19103F-16F7-4668-BE54-9A1E7A4F7556}") = "MOHU.Integration.Domain", "MOHU.Integration\src\MOHU.Integration.Domain\MOHU.Integration.Domain.csproj", "{AEA29DFB-66C4-4E59-BE86-2EAA659CA0AE}"
EndProject
Project("{9A19103F-16F7-4668-BE54-9A1E7A4F7556}") = "MOHU.Integration.Application", "MOHU.Integration\src\MOHU.Integration.Application\MOHU.Integration.Application.csproj", "{74E5CACA-74FC-4249-BC4F-C418A8EC2B64}"
EndProject
Project("{9A19103F-16F7-4668-BE54-9A1E7A4F7556}") = "MOHU.Integration.Contracts", "MOHU.Integration\src\MOHU.Integration.Contracts\MOHU.Integration.Contracts.csproj", "{3F770D97-9F4F-4F7A-B57C-85A45F8C684E}"
EndProject
Project("{9A19103F-16F7-4668-BE54-9A1E7A4F7556}") = "MOHU.Integration.Infrastructure", "MOHU.Integration\src\MOHU.Integration.Infrastructure\MOHU.Integration.Infrastructure.csproj", "{DA306D4A-2BC8-4B28-8691-79DCA1B981AC}"
EndProject
Project("{9A19103F-16F7-4668-BE54-9A1E7A4F7556}") = "MOHU.Integration.Shared", "MOHU.Integration\src\MOHU.Integration.Shared\MOHU.Integration.Shared.csproj", "{964891D8-9B04-4934-B76B-A87AC5979981}"
EndProject
Project("{2150E333-8FDC-42A3-9474-1A3956D46DE8}") = "VirtualEntity", "VirtualEntity", "{482C92BB-95B3-4B7C-B4B3-BC698209D77E}"
EndProject
Project("{FAE04EC0-301F-11D3-BF4B-00C04F79EFBC}") = "POCVirtualEntity", "VirtualEntity\POCVirtualEntity\POCVirtualEntity.csproj", "{19B7C49D-A89F-4CD4-A022-5FC48C2F97C0}"
EndProject
Project("{FAE04EC0-301F-11D3-BF4B-00C04F79EFBC}") = "VirtualEntity.Poc", "VirtualEntity\VirtualEntity.Poc\VirtualEntity.Poc.csproj", "{E736707B-E6A6-4F20-892C-B764834DCFFE}"
EndProject
Project("{FAE04EC0-301F-11D3-BF4B-00C04F79EFBC}") = "Core", "Core\Core.csproj", "{C18161D4-FAE5-4023-83A7-EFF8A96E9024}"
EndProject
Project("{2150E333-8FDC-42A3-9474-1A3956D46DE8}") = "Shared", "Shared", "{4F52FD11-658E-A102-6CD3-7D7C16FFA15B}"
EndProject
Project("{2150E333-8FDC-42A3-9474-1A3956D46DE8}") = "Common", "Common", "{E22E24A7-60BD-AB64-8CDF-AA26E2B7FF30}"
EndProject
Project("{2150E333-8FDC-42A3-9474-1A3956D46DE8}") = "CRM", "CRM", "{E1CC2E14-5256-190F-8345-89469B3E8ED6}"
EndProject
Project("{FAE04EC0-301F-11D3-BF4B-00C04F79EFBC}") = "Common.Crm.Application", "Shared\Common\CRM\Common.Crm.Application\Common.Crm.Application.csproj", "{AF660712-9201-4D26-AB5B-A76A68160608}"
EndProject
Project("{FAE04EC0-301F-11D3-BF4B-00C04F79EFBC}") = "Common.Crm.Domain", "Shared\Common\CRM\Common.Crm.Domain\Common.Crm.Domain.csproj", "{F33CE9C7-60D8-4EAE-9B11-26A0C49CE127}"
EndProject
Project("{FAE04EC0-301F-11D3-BF4B-00C04F79EFBC}") = "Common.Crm.Infrastructure", "Shared\Common\CRM\Common.Crm.Infrastructure\Common.Crm.Infrastructure.csproj", "{9C01303E-8B78-402A-AFAE-2FBCE079088C}"
EndProject
Project("{FAE04EC0-301F-11D3-BF4B-00C04F79EFBC}") = "Common.Crm.Presentation", "Shared\Common\CRM\Common.Crm.Presentation\Common.Crm.Presentation.csproj", "{AA031DD9-0CA7-4198-8E2C-2C24197BA7CB}"
EndProject
Global
	GlobalSection(SolutionConfigurationPlatforms) = preSolution
		Debug|Any CPU = Debug|Any CPU
		Debug|x64 = Debug|x64
		Debug|x86 = Debug|x86
		Release|Any CPU = Release|Any CPU
		Release|x64 = Release|x64
		Release|x86 = Release|x86
	EndGlobalSection
	GlobalSection(ProjectConfigurationPlatforms) = postSolution
		{A031FE91-4510-4B29-807C-4242841FA0E5}.Debug|Any CPU.ActiveCfg = Debug|Any CPU
		{A031FE91-4510-4B29-807C-4242841FA0E5}.Debug|Any CPU.Build.0 = Debug|Any CPU
		{A031FE91-4510-4B29-807C-4242841FA0E5}.Debug|x64.ActiveCfg = Debug|Any CPU
		{A031FE91-4510-4B29-807C-4242841FA0E5}.Debug|x64.Build.0 = Debug|Any CPU
		{A031FE91-4510-4B29-807C-4242841FA0E5}.Debug|x86.ActiveCfg = Debug|Any CPU
		{A031FE91-4510-4B29-807C-4242841FA0E5}.Debug|x86.Build.0 = Debug|Any CPU
		{A031FE91-4510-4B29-807C-4242841FA0E5}.Release|Any CPU.ActiveCfg = Release|Any CPU
		{A031FE91-4510-4B29-807C-4242841FA0E5}.Release|Any CPU.Build.0 = Release|Any CPU
		{A031FE91-4510-4B29-807C-4242841FA0E5}.Release|x64.ActiveCfg = Release|Any CPU
		{A031FE91-4510-4B29-807C-4242841FA0E5}.Release|x64.Build.0 = Release|Any CPU
		{A031FE91-4510-4B29-807C-4242841FA0E5}.Release|x86.ActiveCfg = Release|Any CPU
		{A031FE91-4510-4B29-807C-4242841FA0E5}.Release|x86.Build.0 = Release|Any CPU
		{AEA29DFB-66C4-4E59-BE86-2EAA659CA0AE}.Debug|Any CPU.ActiveCfg = Debug|Any CPU
		{AEA29DFB-66C4-4E59-BE86-2EAA659CA0AE}.Debug|Any CPU.Build.0 = Debug|Any CPU
		{AEA29DFB-66C4-4E59-BE86-2EAA659CA0AE}.Debug|x64.ActiveCfg = Debug|Any CPU
		{AEA29DFB-66C4-4E59-BE86-2EAA659CA0AE}.Debug|x64.Build.0 = Debug|Any CPU
		{AEA29DFB-66C4-4E59-BE86-2EAA659CA0AE}.Debug|x86.ActiveCfg = Debug|Any CPU
		{AEA29DFB-66C4-4E59-BE86-2EAA659CA0AE}.Debug|x86.Build.0 = Debug|Any CPU
		{AEA29DFB-66C4-4E59-BE86-2EAA659CA0AE}.Release|Any CPU.ActiveCfg = Release|Any CPU
		{AEA29DFB-66C4-4E59-BE86-2EAA659CA0AE}.Release|Any CPU.Build.0 = Release|Any CPU
		{AEA29DFB-66C4-4E59-BE86-2EAA659CA0AE}.Release|x64.ActiveCfg = Release|Any CPU
		{AEA29DFB-66C4-4E59-BE86-2EAA659CA0AE}.Release|x64.Build.0 = Release|Any CPU
		{AEA29DFB-66C4-4E59-BE86-2EAA659CA0AE}.Release|x86.ActiveCfg = Release|Any CPU
		{AEA29DFB-66C4-4E59-BE86-2EAA659CA0AE}.Release|x86.Build.0 = Release|Any CPU
		{74E5CACA-74FC-4249-BC4F-C418A8EC2B64}.Debug|Any CPU.ActiveCfg = Debug|Any CPU
		{74E5CACA-74FC-4249-BC4F-C418A8EC2B64}.Debug|Any CPU.Build.0 = Debug|Any CPU
		{74E5CACA-74FC-4249-BC4F-C418A8EC2B64}.Debug|x64.ActiveCfg = Debug|Any CPU
		{74E5CACA-74FC-4249-BC4F-C418A8EC2B64}.Debug|x64.Build.0 = Debug|Any CPU
		{74E5CACA-74FC-4249-BC4F-C418A8EC2B64}.Debug|x86.ActiveCfg = Debug|Any CPU
		{74E5CACA-74FC-4249-BC4F-C418A8EC2B64}.Debug|x86.Build.0 = Debug|Any CPU
		{74E5CACA-74FC-4249-BC4F-C418A8EC2B64}.Release|Any CPU.ActiveCfg = Release|Any CPU
		{74E5CACA-74FC-4249-BC4F-C418A8EC2B64}.Release|Any CPU.Build.0 = Release|Any CPU
		{74E5CACA-74FC-4249-BC4F-C418A8EC2B64}.Release|x64.ActiveCfg = Release|Any CPU
		{74E5CACA-74FC-4249-BC4F-C418A8EC2B64}.Release|x64.Build.0 = Release|Any CPU
		{74E5CACA-74FC-4249-BC4F-C418A8EC2B64}.Release|x86.ActiveCfg = Release|Any CPU
		{74E5CACA-74FC-4249-BC4F-C418A8EC2B64}.Release|x86.Build.0 = Release|Any CPU
		{3F770D97-9F4F-4F7A-B57C-85A45F8C684E}.Debug|Any CPU.ActiveCfg = Debug|Any CPU
		{3F770D97-9F4F-4F7A-B57C-85A45F8C684E}.Debug|Any CPU.Build.0 = Debug|Any CPU
		{3F770D97-9F4F-4F7A-B57C-85A45F8C684E}.Debug|x64.ActiveCfg = Debug|Any CPU
		{3F770D97-9F4F-4F7A-B57C-85A45F8C684E}.Debug|x64.Build.0 = Debug|Any CPU
		{3F770D97-9F4F-4F7A-B57C-85A45F8C684E}.Debug|x86.ActiveCfg = Debug|Any CPU
		{3F770D97-9F4F-4F7A-B57C-85A45F8C684E}.Debug|x86.Build.0 = Debug|Any CPU
		{3F770D97-9F4F-4F7A-B57C-85A45F8C684E}.Release|Any CPU.ActiveCfg = Release|Any CPU
		{3F770D97-9F4F-4F7A-B57C-85A45F8C684E}.Release|Any CPU.Build.0 = Release|Any CPU
		{3F770D97-9F4F-4F7A-B57C-85A45F8C684E}.Release|x64.ActiveCfg = Release|Any CPU
		{3F770D97-9F4F-4F7A-B57C-85A45F8C684E}.Release|x64.Build.0 = Release|Any CPU
		{3F770D97-9F4F-4F7A-B57C-85A45F8C684E}.Release|x86.ActiveCfg = Release|Any CPU
		{3F770D97-9F4F-4F7A-B57C-85A45F8C684E}.Release|x86.Build.0 = Release|Any CPU
		{DA306D4A-2BC8-4B28-8691-79DCA1B981AC}.Debug|Any CPU.ActiveCfg = Debug|Any CPU
		{DA306D4A-2BC8-4B28-8691-79DCA1B981AC}.Debug|Any CPU.Build.0 = Debug|Any CPU
		{DA306D4A-2BC8-4B28-8691-79DCA1B981AC}.Debug|x64.ActiveCfg = Debug|Any CPU
		{DA306D4A-2BC8-4B28-8691-79DCA1B981AC}.Debug|x64.Build.0 = Debug|Any CPU
		{DA306D4A-2BC8-4B28-8691-79DCA1B981AC}.Debug|x86.ActiveCfg = Debug|Any CPU
		{DA306D4A-2BC8-4B28-8691-79DCA1B981AC}.Debug|x86.Build.0 = Debug|Any CPU
		{DA306D4A-2BC8-4B28-8691-79DCA1B981AC}.Release|Any CPU.ActiveCfg = Release|Any CPU
		{DA306D4A-2BC8-4B28-8691-79DCA1B981AC}.Release|Any CPU.Build.0 = Release|Any CPU
		{DA306D4A-2BC8-4B28-8691-79DCA1B981AC}.Release|x64.ActiveCfg = Release|Any CPU
		{DA306D4A-2BC8-4B28-8691-79DCA1B981AC}.Release|x64.Build.0 = Release|Any CPU
		{DA306D4A-2BC8-4B28-8691-79DCA1B981AC}.Release|x86.ActiveCfg = Release|Any CPU
		{DA306D4A-2BC8-4B28-8691-79DCA1B981AC}.Release|x86.Build.0 = Release|Any CPU
		{964891D8-9B04-4934-B76B-A87AC5979981}.Debug|Any CPU.ActiveCfg = Debug|Any CPU
		{964891D8-9B04-4934-B76B-A87AC5979981}.Debug|Any CPU.Build.0 = Debug|Any CPU
		{964891D8-9B04-4934-B76B-A87AC5979981}.Debug|x64.ActiveCfg = Debug|Any CPU
		{964891D8-9B04-4934-B76B-A87AC5979981}.Debug|x64.Build.0 = Debug|Any CPU
		{964891D8-9B04-4934-B76B-A87AC5979981}.Debug|x86.ActiveCfg = Debug|Any CPU
		{964891D8-9B04-4934-B76B-A87AC5979981}.Debug|x86.Build.0 = Debug|Any CPU
		{964891D8-9B04-4934-B76B-A87AC5979981}.Release|Any CPU.ActiveCfg = Release|Any CPU
		{964891D8-9B04-4934-B76B-A87AC5979981}.Release|Any CPU.Build.0 = Release|Any CPU
		{964891D8-9B04-4934-B76B-A87AC5979981}.Release|x64.ActiveCfg = Release|Any CPU
		{964891D8-9B04-4934-B76B-A87AC5979981}.Release|x64.Build.0 = Release|Any CPU
		{964891D8-9B04-4934-B76B-A87AC5979981}.Release|x86.ActiveCfg = Release|Any CPU
		{964891D8-9B04-4934-B76B-A87AC5979981}.Release|x86.Build.0 = Release|Any CPU
		{19B7C49D-A89F-4CD4-A022-5FC48C2F97C0}.Debug|Any CPU.ActiveCfg = Debug|Any CPU
		{19B7C49D-A89F-4CD4-A022-5FC48C2F97C0}.Debug|Any CPU.Build.0 = Debug|Any CPU
		{19B7C49D-A89F-4CD4-A022-5FC48C2F97C0}.Debug|x64.ActiveCfg = Debug|Any CPU
		{19B7C49D-A89F-4CD4-A022-5FC48C2F97C0}.Debug|x64.Build.0 = Debug|Any CPU
		{19B7C49D-A89F-4CD4-A022-5FC48C2F97C0}.Debug|x86.ActiveCfg = Debug|Any CPU
		{19B7C49D-A89F-4CD4-A022-5FC48C2F97C0}.Debug|x86.Build.0 = Debug|Any CPU
		{19B7C49D-A89F-4CD4-A022-5FC48C2F97C0}.Release|Any CPU.ActiveCfg = Release|Any CPU
		{19B7C49D-A89F-4CD4-A022-5FC48C2F97C0}.Release|Any CPU.Build.0 = Release|Any CPU
		{19B7C49D-A89F-4CD4-A022-5FC48C2F97C0}.Release|x64.ActiveCfg = Release|Any CPU
		{19B7C49D-A89F-4CD4-A022-5FC48C2F97C0}.Release|x64.Build.0 = Release|Any CPU
		{19B7C49D-A89F-4CD4-A022-5FC48C2F97C0}.Release|x86.ActiveCfg = Release|Any CPU
		{19B7C49D-A89F-4CD4-A022-5FC48C2F97C0}.Release|x86.Build.0 = Release|Any CPU
		{E736707B-E6A6-4F20-892C-B764834DCFFE}.Debug|Any CPU.ActiveCfg = Debug|Any CPU
		{E736707B-E6A6-4F20-892C-B764834DCFFE}.Debug|Any CPU.Build.0 = Debug|Any CPU
		{E736707B-E6A6-4F20-892C-B764834DCFFE}.Debug|x64.ActiveCfg = Debug|Any CPU
		{E736707B-E6A6-4F20-892C-B764834DCFFE}.Debug|x64.Build.0 = Debug|Any CPU
		{E736707B-E6A6-4F20-892C-B764834DCFFE}.Debug|x86.ActiveCfg = Debug|Any CPU
		{E736707B-E6A6-4F20-892C-B764834DCFFE}.Debug|x86.Build.0 = Debug|Any CPU
		{E736707B-E6A6-4F20-892C-B764834DCFFE}.Release|Any CPU.ActiveCfg = Release|Any CPU
		{E736707B-E6A6-4F20-892C-B764834DCFFE}.Release|Any CPU.Build.0 = Release|Any CPU
		{E736707B-E6A6-4F20-892C-B764834DCFFE}.Release|x64.ActiveCfg = Release|Any CPU
		{E736707B-E6A6-4F20-892C-B764834DCFFE}.Release|x64.Build.0 = Release|Any CPU
		{E736707B-E6A6-4F20-892C-B764834DCFFE}.Release|x86.ActiveCfg = Release|Any CPU
		{E736707B-E6A6-4F20-892C-B764834DCFFE}.Release|x86.Build.0 = Release|Any CPU
		{C18161D4-FAE5-4023-83A7-EFF8A96E9024}.Debug|Any CPU.ActiveCfg = Debug|Any CPU
		{C18161D4-FAE5-4023-83A7-EFF8A96E9024}.Debug|Any CPU.Build.0 = Debug|Any CPU
		{C18161D4-FAE5-4023-83A7-EFF8A96E9024}.Debug|x64.ActiveCfg = Debug|Any CPU
		{C18161D4-FAE5-4023-83A7-EFF8A96E9024}.Debug|x64.Build.0 = Debug|Any CPU
		{C18161D4-FAE5-4023-83A7-EFF8A96E9024}.Debug|x86.ActiveCfg = Debug|Any CPU
		{C18161D4-FAE5-4023-83A7-EFF8A96E9024}.Debug|x86.Build.0 = Debug|Any CPU
		{C18161D4-FAE5-4023-83A7-EFF8A96E9024}.Release|Any CPU.ActiveCfg = Release|Any CPU
		{C18161D4-FAE5-4023-83A7-EFF8A96E9024}.Release|Any CPU.Build.0 = Release|Any CPU
		{C18161D4-FAE5-4023-83A7-EFF8A96E9024}.Release|x64.ActiveCfg = Release|Any CPU
		{C18161D4-FAE5-4023-83A7-EFF8A96E9024}.Release|x64.Build.0 = Release|Any CPU
		{C18161D4-FAE5-4023-83A7-EFF8A96E9024}.Release|x86.ActiveCfg = Release|Any CPU
		{C18161D4-FAE5-4023-83A7-EFF8A96E9024}.Release|x86.Build.0 = Release|Any CPU
		{AF660712-9201-4D26-AB5B-A76A68160608}.Debug|Any CPU.ActiveCfg = Debug|Any CPU
		{AF660712-9201-4D26-AB5B-A76A68160608}.Debug|Any CPU.Build.0 = Debug|Any CPU
		{AF660712-9201-4D26-AB5B-A76A68160608}.Debug|x64.ActiveCfg = Debug|Any CPU
		{AF660712-9201-4D26-AB5B-A76A68160608}.Debug|x64.Build.0 = Debug|Any CPU
		{AF660712-9201-4D26-AB5B-A76A68160608}.Debug|x86.ActiveCfg = Debug|Any CPU
		{AF660712-9201-4D26-AB5B-A76A68160608}.Debug|x86.Build.0 = Debug|Any CPU
		{AF660712-9201-4D26-AB5B-A76A68160608}.Release|Any CPU.ActiveCfg = Release|Any CPU
		{AF660712-9201-4D26-AB5B-A76A68160608}.Release|Any CPU.Build.0 = Release|Any CPU
		{AF660712-9201-4D26-AB5B-A76A68160608}.Release|x64.ActiveCfg = Release|Any CPU
		{AF660712-9201-4D26-AB5B-A76A68160608}.Release|x64.Build.0 = Release|Any CPU
		{AF660712-9201-4D26-AB5B-A76A68160608}.Release|x86.ActiveCfg = Release|Any CPU
		{AF660712-9201-4D26-AB5B-A76A68160608}.Release|x86.Build.0 = Release|Any CPU
		{F33CE9C7-60D8-4EAE-9B11-26A0C49CE127}.Debug|Any CPU.ActiveCfg = Debug|Any CPU
		{F33CE9C7-60D8-4EAE-9B11-26A0C49CE127}.Debug|Any CPU.Build.0 = Debug|Any CPU
		{F33CE9C7-60D8-4EAE-9B11-26A0C49CE127}.Debug|x64.ActiveCfg = Debug|Any CPU
		{F33CE9C7-60D8-4EAE-9B11-26A0C49CE127}.Debug|x64.Build.0 = Debug|Any CPU
		{F33CE9C7-60D8-4EAE-9B11-26A0C49CE127}.Debug|x86.ActiveCfg = Debug|Any CPU
		{F33CE9C7-60D8-4EAE-9B11-26A0C49CE127}.Debug|x86.Build.0 = Debug|Any CPU
		{F33CE9C7-60D8-4EAE-9B11-26A0C49CE127}.Release|Any CPU.ActiveCfg = Release|Any CPU
		{F33CE9C7-60D8-4EAE-9B11-26A0C49CE127}.Release|Any CPU.Build.0 = Release|Any CPU
		{F33CE9C7-60D8-4EAE-9B11-26A0C49CE127}.Release|x64.ActiveCfg = Release|Any CPU
		{F33CE9C7-60D8-4EAE-9B11-26A0C49CE127}.Release|x64.Build.0 = Release|Any CPU
		{F33CE9C7-60D8-4EAE-9B11-26A0C49CE127}.Release|x86.ActiveCfg = Release|Any CPU
		{F33CE9C7-60D8-4EAE-9B11-26A0C49CE127}.Release|x86.Build.0 = Release|Any CPU
		{9C01303E-8B78-402A-AFAE-2FBCE079088C}.Debug|Any CPU.ActiveCfg = Debug|Any CPU
		{9C01303E-8B78-402A-AFAE-2FBCE079088C}.Debug|Any CPU.Build.0 = Debug|Any CPU
		{9C01303E-8B78-402A-AFAE-2FBCE079088C}.Debug|x64.ActiveCfg = Debug|Any CPU
		{9C01303E-8B78-402A-AFAE-2FBCE079088C}.Debug|x64.Build.0 = Debug|Any CPU
		{9C01303E-8B78-402A-AFAE-2FBCE079088C}.Debug|x86.ActiveCfg = Debug|Any CPU
		{9C01303E-8B78-402A-AFAE-2FBCE079088C}.Debug|x86.Build.0 = Debug|Any CPU
		{9C01303E-8B78-402A-AFAE-2FBCE079088C}.Release|Any CPU.ActiveCfg = Release|Any CPU
		{9C01303E-8B78-402A-AFAE-2FBCE079088C}.Release|Any CPU.Build.0 = Release|Any CPU
		{9C01303E-8B78-402A-AFAE-2FBCE079088C}.Release|x64.ActiveCfg = Release|Any CPU
		{9C01303E-8B78-402A-AFAE-2FBCE079088C}.Release|x64.Build.0 = Release|Any CPU
		{9C01303E-8B78-402A-AFAE-2FBCE079088C}.Release|x86.ActiveCfg = Release|Any CPU
		{9C01303E-8B78-402A-AFAE-2FBCE079088C}.Release|x86.Build.0 = Release|Any CPU
		{AA031DD9-0CA7-4198-8E2C-2C24197BA7CB}.Debug|Any CPU.ActiveCfg = Debug|Any CPU
		{AA031DD9-0CA7-4198-8E2C-2C24197BA7CB}.Debug|Any CPU.Build.0 = Debug|Any CPU
		{AA031DD9-0CA7-4198-8E2C-2C24197BA7CB}.Debug|x64.ActiveCfg = Debug|Any CPU
		{AA031DD9-0CA7-4198-8E2C-2C24197BA7CB}.Debug|x64.Build.0 = Debug|Any CPU
		{AA031DD9-0CA7-4198-8E2C-2C24197BA7CB}.Debug|x86.ActiveCfg = Debug|Any CPU
		{AA031DD9-0CA7-4198-8E2C-2C24197BA7CB}.Debug|x86.Build.0 = Debug|Any CPU
		{AA031DD9-0CA7-4198-8E2C-2C24197BA7CB}.Release|Any CPU.ActiveCfg = Release|Any CPU
		{AA031DD9-0CA7-4198-8E2C-2C24197BA7CB}.Release|Any CPU.Build.0 = Release|Any CPU
		{AA031DD9-0CA7-4198-8E2C-2C24197BA7CB}.Release|x64.ActiveCfg = Release|Any CPU
		{AA031DD9-0CA7-4198-8E2C-2C24197BA7CB}.Release|x64.Build.0 = Release|Any CPU
		{AA031DD9-0CA7-4198-8E2C-2C24197BA7CB}.Release|x86.ActiveCfg = Release|Any CPU
		{AA031DD9-0CA7-4198-8E2C-2C24197BA7CB}.Release|x86.Build.0 = Release|Any CPU
	EndGlobalSection
	GlobalSection(SolutionProperties) = preSolution
		HideSolutionNode = FALSE
	EndGlobalSection
	GlobalSection(NestedProjects) = preSolution
		{A031FE91-4510-4B29-807C-4242841FA0E5} = {BDF6F2C1-A091-4AF4-8B7E-211F8FBF9589}
		{AEA29DFB-66C4-4E59-BE86-2EAA659CA0AE} = {BDF6F2C1-A091-4AF4-8B7E-211F8FBF9589}
		{74E5CACA-74FC-4249-BC4F-C418A8EC2B64} = {BDF6F2C1-A091-4AF4-8B7E-211F8FBF9589}
		{3F770D97-9F4F-4F7A-B57C-85A45F8C684E} = {BDF6F2C1-A091-4AF4-8B7E-211F8FBF9589}
		{DA306D4A-2BC8-4B28-8691-79DCA1B981AC} = {BDF6F2C1-A091-4AF4-8B7E-211F8FBF9589}
		{964891D8-9B04-4934-B76B-A87AC5979981} = {BDF6F2C1-A091-4AF4-8B7E-211F8FBF9589}
		{19B7C49D-A89F-4CD4-A022-5FC48C2F97C0} = {482C92BB-95B3-4B7C-B4B3-BC698209D77E}
		{E736707B-E6A6-4F20-892C-B764834DCFFE} = {482C92BB-95B3-4B7C-B4B3-BC698209D77E}
		{C18161D4-FAE5-4023-83A7-EFF8A96E9024} = {BDF6F2C1-A091-4AF4-8B7E-211F8FBF9589}
		{E22E24A7-60BD-AB64-8CDF-AA26E2B7FF30} = {4F52FD11-658E-A102-6CD3-7D7C16FFA15B}
		{E1CC2E14-5256-190F-8345-89469B3E8ED6} = {E22E24A7-60BD-AB64-8CDF-AA26E2B7FF30}
		{AF660712-9201-4D26-AB5B-A76A68160608} = {E1CC2E14-5256-190F-8345-89469B3E8ED6}
		{F33CE9C7-60D8-4EAE-9B11-26A0C49CE127} = {E1CC2E14-5256-190F-8345-89469B3E8ED6}
		{9C01303E-8B78-402A-AFAE-2FBCE079088C} = {E1CC2E14-5256-190F-8345-89469B3E8ED6}
		{AA031DD9-0CA7-4198-8E2C-2C24197BA7CB} = {E1CC2E14-5256-190F-8345-89469B3E8ED6}
	EndGlobalSection
	GlobalSection(ExtensibilityGlobals) = postSolution
		SolutionGuid = {97544989-0147-44D8-8E22-0DDF06BA8253}
	EndGlobalSection
EndGlobal
