
Microsoft Visual Studio Solution File, Format Version 12.00
# Visual Studio Version 17
VisualStudioVersion = 17.5.33424.131
MinimumVisualStudioVersion = 10.0.40219.1
Project("{2150E333-8FDC-42A3-9474-1A3956D46DE8}") = "src", "src", "{BDF6F2C1-A091-4AF4-8B7E-211F8FBF9589}"
EndProject
Project("{2150E333-8FDC-42A3-9474-1A3956D46DE8}") = "tests", "tests", "{D17422A2-FAD9-4262-B063-B44ECF6BB213}"
EndProject
Project("{9A19103F-16F7-4668-BE54-9A1E7A4F7556}") = "MOHU.Integration.WebApi", "MOHU.Integration\src\MOHU.Integration.WebApi\MOHU.Integration.WebApi.csproj", "{A031FE91-4510-4B29-807C-4242841FA0E5}"
EndProject
Project("{9A19103F-16F7-4668-BE54-9A1E7A4F7556}") = "MOHU.Integration.Domain", "MOHU.Integration\src\MOHU.Integration.Domain\MOHU.Integration.Domain.csproj", "{AEA29DFB-66C4-4E59-BE86-2EAA659CA0AE}"
EndProject
Project("{9A19103F-16F7-4668-BE54-9A1E7A4F7556}") = "MOHU.Integration.Application", "MOHU.Integration\src\MOHU.Integration.Application\MOHU.Integration.Application.csproj", "{74E5CACA-74FC-4249-BC4F-C418A8EC2B64}"
EndProject
Project("{9A19103F-16F7-4668-BE54-9A1E7A4F7556}") = "MOHU.Integration.Contracts", "MOHU.Integration\src\MOHU.Integration.Contracts\MOHU.Integration.Contracts.csproj", "{3F770D97-9F4F-4F7A-B57C-85A45F8C684E}"
EndProject
Project("{9A19103F-16F7-4668-BE54-9A1E7A4F7556}") = "MOHU.Integration.Infrastructure", "MOHU.Integration\src\MOHU.Integration.Infrastructure\MOHU.Integration.Infrastructure.csproj", "{DA306D4A-2BC8-4B28-8691-79DCA1B981AC}"
EndProject
Project("{9A19103F-16F7-4668-BE54-9A1E7A4F7556}") = "MOHU.Integration.Shared", "MOHU.Integration\src\MOHU.Integration.Shared\MOHU.Integration.Shared.csproj", "{964891D8-9B04-4934-B76B-A87AC5979981}"
EndProject
Project("{2150E333-8FDC-42A3-9474-1A3956D46DE8}") = "VirtualEntity", "VirtualEntity", "{482C92BB-95B3-4B7C-B4B3-BC698209D77E}"
EndProject
Project("{FAE04EC0-301F-11D3-BF4B-00C04F79EFBC}") = "POCVirtualEntity", "VirtualEntity\POCVirtualEntity\POCVirtualEntity.csproj", "{19B7C49D-A89F-4CD4-A022-5FC48C2F97C0}"
EndProject
Project("{FAE04EC0-301F-11D3-BF4B-00C04F79EFBC}") = "VirtualEntity.Poc", "VirtualEntity\VirtualEntity.Poc\VirtualEntity.Poc.csproj", "{E736707B-E6A6-4F20-892C-B764834DCFFE}"
EndProject
Project("{FAE04EC0-301F-11D3-BF4B-00C04F79EFBC}") = "Core", "Core\Core.csproj", "{C18161D4-FAE5-4023-83A7-EFF8A96E9024}"
EndProject
Global
	GlobalSection(SolutionConfigurationPlatforms) = preSolution
		Debug|Any CPU = Debug|Any CPU
		Release|Any CPU = Release|Any CPU
	EndGlobalSection
	GlobalSection(ProjectConfigurationPlatforms) = postSolution
		{A031FE91-4510-4B29-807C-4242841FA0E5}.Debug|Any CPU.ActiveCfg = Debug|Any CPU
		{A031FE91-4510-4B29-807C-4242841FA0E5}.Debug|Any CPU.Build.0 = Debug|Any CPU
		{A031FE91-4510-4B29-807C-4242841FA0E5}.Release|Any CPU.ActiveCfg = Release|Any CPU
		{A031FE91-4510-4B29-807C-4242841FA0E5}.Release|Any CPU.Build.0 = Release|Any CPU
		{AEA29DFB-66C4-4E59-BE86-2EAA659CA0AE}.Debug|Any CPU.ActiveCfg = Debug|Any CPU
		{AEA29DFB-66C4-4E59-BE86-2EAA659CA0AE}.Debug|Any CPU.Build.0 = Debug|Any CPU
		{AEA29DFB-66C4-4E59-BE86-2EAA659CA0AE}.Release|Any CPU.ActiveCfg = Release|Any CPU
		{AEA29DFB-66C4-4E59-BE86-2EAA659CA0AE}.Release|Any CPU.Build.0 = Release|Any CPU
		{74E5CACA-74FC-4249-BC4F-C418A8EC2B64}.Debug|Any CPU.ActiveCfg = Debug|Any CPU
		{74E5CACA-74FC-4249-BC4F-C418A8EC2B64}.Debug|Any CPU.Build.0 = Debug|Any CPU
		{74E5CACA-74FC-4249-BC4F-C418A8EC2B64}.Release|Any CPU.ActiveCfg = Release|Any CPU
		{74E5CACA-74FC-4249-BC4F-C418A8EC2B64}.Release|Any CPU.Build.0 = Release|Any CPU
		{3F770D97-9F4F-4F7A-B57C-85A45F8C684E}.Debug|Any CPU.ActiveCfg = Debug|Any CPU
		{3F770D97-9F4F-4F7A-B57C-85A45F8C684E}.Debug|Any CPU.Build.0 = Debug|Any CPU
		{3F770D97-9F4F-4F7A-B57C-85A45F8C684E}.Release|Any CPU.ActiveCfg = Release|Any CPU
		{3F770D97-9F4F-4F7A-B57C-85A45F8C684E}.Release|Any CPU.Build.0 = Release|Any CPU
		{DA306D4A-2BC8-4B28-8691-79DCA1B981AC}.Debug|Any CPU.ActiveCfg = Debug|Any CPU
		{DA306D4A-2BC8-4B28-8691-79DCA1B981AC}.Debug|Any CPU.Build.0 = Debug|Any CPU
		{DA306D4A-2BC8-4B28-8691-79DCA1B981AC}.Release|Any CPU.ActiveCfg = Release|Any CPU
		{DA306D4A-2BC8-4B28-8691-79DCA1B981AC}.Release|Any CPU.Build.0 = Release|Any CPU
		{964891D8-9B04-4934-B76B-A87AC5979981}.Debug|Any CPU.ActiveCfg = Debug|Any CPU
		{964891D8-9B04-4934-B76B-A87AC5979981}.Debug|Any CPU.Build.0 = Debug|Any CPU
		{964891D8-9B04-4934-B76B-A87AC5979981}.Release|Any CPU.ActiveCfg = Release|Any CPU
		{964891D8-9B04-4934-B76B-A87AC5979981}.Release|Any CPU.Build.0 = Release|Any CPU
		{19B7C49D-A89F-4CD4-A022-5FC48C2F97C0}.Debug|Any CPU.ActiveCfg = Debug|Any CPU
		{19B7C49D-A89F-4CD4-A022-5FC48C2F97C0}.Debug|Any CPU.Build.0 = Debug|Any CPU
		{19B7C49D-A89F-4CD4-A022-5FC48C2F97C0}.Release|Any CPU.ActiveCfg = Release|Any CPU
		{19B7C49D-A89F-4CD4-A022-5FC48C2F97C0}.Release|Any CPU.Build.0 = Release|Any CPU
		{E736707B-E6A6-4F20-892C-B764834DCFFE}.Debug|Any CPU.ActiveCfg = Debug|Any CPU
		{E736707B-E6A6-4F20-892C-B764834DCFFE}.Debug|Any CPU.Build.0 = Debug|Any CPU
		{E736707B-E6A6-4F20-892C-B764834DCFFE}.Release|Any CPU.ActiveCfg = Release|Any CPU
		{E736707B-E6A6-4F20-892C-B764834DCFFE}.Release|Any CPU.Build.0 = Release|Any CPU
		{C18161D4-FAE5-4023-83A7-EFF8A96E9024}.Debug|Any CPU.ActiveCfg = Debug|Any CPU
		{C18161D4-FAE5-4023-83A7-EFF8A96E9024}.Debug|Any CPU.Build.0 = Debug|Any CPU
		{C18161D4-FAE5-4023-83A7-EFF8A96E9024}.Release|Any CPU.ActiveCfg = Release|Any CPU
		{C18161D4-FAE5-4023-83A7-EFF8A96E9024}.Release|Any CPU.Build.0 = Release|Any CPU
	EndGlobalSection
	GlobalSection(SolutionProperties) = preSolution
		HideSolutionNode = FALSE
	EndGlobalSection
	GlobalSection(NestedProjects) = preSolution
		{A031FE91-4510-4B29-807C-4242841FA0E5} = {BDF6F2C1-A091-4AF4-8B7E-211F8FBF9589}
		{AEA29DFB-66C4-4E59-BE86-2EAA659CA0AE} = {BDF6F2C1-A091-4AF4-8B7E-211F8FBF9589}
		{74E5CACA-74FC-4249-BC4F-C418A8EC2B64} = {BDF6F2C1-A091-4AF4-8B7E-211F8FBF9589}
		{3F770D97-9F4F-4F7A-B57C-85A45F8C684E} = {BDF6F2C1-A091-4AF4-8B7E-211F8FBF9589}
		{DA306D4A-2BC8-4B28-8691-79DCA1B981AC} = {BDF6F2C1-A091-4AF4-8B7E-211F8FBF9589}
		{964891D8-9B04-4934-B76B-A87AC5979981} = {BDF6F2C1-A091-4AF4-8B7E-211F8FBF9589}
		{19B7C49D-A89F-4CD4-A022-5FC48C2F97C0} = {482C92BB-95B3-4B7C-B4B3-BC698209D77E}
		{E736707B-E6A6-4F20-892C-B764834DCFFE} = {482C92BB-95B3-4B7C-B4B3-BC698209D77E}
		{C18161D4-FAE5-4023-83A7-EFF8A96E9024} = {BDF6F2C1-A091-4AF4-8B7E-211F8FBF9589}
	EndGlobalSection
	GlobalSection(ExtensibilityGlobals) = postSolution
		SolutionGuid = {97544989-0147-44D8-8E22-0DDF06BA8253}
	EndGlobalSection
EndGlobal
