
Microsoft Visual Studio Solution File, Format Version 12.00
# Visual Studio Version 16
VisualStudioVersion = 16.0.32630.194
MinimumVisualStudioVersion = 10.0.40219.1
Project("{2150E333-8FDC-42A3-9474-1A3956D46DE8}") = "Common", "Common", "{5C77B026-66FE-48CE-8BF7-545E303654C7}"
EndProject
Project("{2150E333-8FDC-42A3-9474-1A3956D46DE8}") = "CustomSteps", "CustomSteps", "{C8AEB806-6294-4FAE-ADBE-0A1C3FF36D34}"
EndProject
Project("{2150E333-8FDC-42A3-9474-1A3956D46DE8}") = "Plugins", "Plugins", "{701D7663-43CE-42D4-9838-ABC484A01615}"
EndProject
Project("{2150E333-8FDC-42A3-9474-1A3956D46DE8}") = "Tests", "Tests", "{262B04F7-E8AF-4346-9B57-CF2A34C73289}"
EndProject
Project("{2150E333-8FDC-42A3-9474-1A3956D46DE8}") = "WebResources", "WebResources", "{27F9169E-C68E-4253-8A56-BFBC02FB91E5}"
EndProject
Project("{2150E333-8FDC-42A3-9474-1A3956D46DE8}") = "JavaScript", "JavaScript", "{FB7F15A4-BCF2-4209-BD74-BFD051E2FB99}"
EndProject
Project("{FAE04EC0-301F-11D3-BF4B-00C04F79EFBC}") = "LinkDev.MOHU.JavaScript", "LinkDev.MOHU.JavaScript\LinkDev.MOHU.JavaScript.csproj", "{2097A491-878A-4409-A665-92C13A0E7F08}"
EndProject
Project("{FAE04EC0-301F-11D3-BF4B-00C04F79EFBC}") = "LinDev.MOHU.Entities", "Common\LinDev.MOHU.Entities\LinDev.MOHU.Entities.csproj", "{B2999FF5-016F-4EFC-93FF-D846858BDD87}"
EndProject
Project("{FAE04EC0-301F-11D3-BF4B-00C04F79EFBC}") = "LinDev.Common.CustomStep.Base", "CustomStep\LinDev.Common.CustomStep.Base\LinDev.Common.CustomStep.Base.csproj", "{99F46178-1E91-462D-8DDD-A5F27AFB5B7F}"
EndProject
Project("{FAE04EC0-301F-11D3-BF4B-00C04F79EFBC}") = "LinDev.Common.Plugin.Base", "Plugins\LinDev.Common.Plugin.Base\LinDev.Common.Plugin.Base.csproj", "{937155CC-CB3A-48F1-AD20-C55931483CA6}"
EndProject
Project("{FAE04EC0-301F-11D3-BF4B-00C04F79EFBC}") = "LinkDev.Common", "Common\LinkDev.Common.Crm.Cs.Base\LinkDev.Common.csproj", "{5FF8F487-0A81-4628-9774-B9CAFD10B851}"
EndProject
Project("{FAE04EC0-301F-11D3-BF4B-00C04F79EFBC}") = "LinDev.MOHU.Utilites", "CustomStep\LinDev.MOHU.Utilites\LinDev.MOHU.Utilites.csproj", "{62BB5A12-2707-40C2-9826-DC1153677234}"
EndProject
Project("{FAE04EC0-301F-11D3-BF4B-00C04F79EFBC}") = "LinkDev.Common.Steps.MiniStageConfiguration", "CustomStep\LinkDev.Common.Steps.MiniStageConfiguration\LinkDev.Common.Steps.MiniStageConfiguration.csproj", "{D628FDAF-9567-4160-9AF1-B08A2EBFE5BE}"
EndProject
Project("{2150E333-8FDC-42A3-9474-1A3956D46DE8}") = "Generic", "Generic", "{F92FDFAD-A16D-48D2-AE1C-58DBE88CA30C}"
EndProject
Project("{FAE04EC0-301F-11D3-BF4B-00C04F79EFBC}") = "LinkDev.Common.Crm.Cs.StageConfigurationV2", "CustomStep\Generic\LinkDev.Common.Crm.Cs.StageConfiguration\LinkDev.Common.Crm.Cs.StageConfigurationV2.csproj", "{3D61C374-4CE2-4F17-A25D-7A0C1C3E64A6}"
EndProject
Project("{FAE04EC0-301F-11D3-BF4B-00C04F79EFBC}") = "LinkDev.Common.Crm.Bll.Notification", "CustomStep\Generic\LinkDev.Common.Crm.Bll.Notification\LinkDev.Common.Crm.Bll.Notification.csproj", "{40042F3B-9B91-4F0B-8330-6AC295FF0E45}"
EndProject
Project("{FAE04EC0-301F-11D3-BF4B-00C04F79EFBC}") = "LinkDev.Common.Crm.Cs.ChangeBpfInstanceStage", "CustomStep\Generic\LinkDev.Common.Crm.Cs.ChangeBpfInstanceStage\LinkDev.Common.Crm.Cs.ChangeBpfInstanceStage.csproj", "{1161D672-E396-486B-9191-FD10D7BF6325}"
EndProject
Project("{FAE04EC0-301F-11D3-BF4B-00C04F79EFBC}") = "LinkDev.Common.Crm.Cs.NotificationTemplates", "CustomStep\Generic\LinkDev.Common.Crm.Cs.NotificationTemplates\LinkDev.Common.Crm.Cs.NotificationTemplates.csproj", "{1169E619-FC34-41F7-847B-D5B191211407}"
EndProject
Project("{FAE04EC0-301F-11D3-BF4B-00C04F79EFBC}") = "LinkDev.Common.Crm.Cs.Notify", "CustomStep\Generic\LinkDev.Common.Crm.Cs.Notify\LinkDev.Common.Crm.Cs.Notify.csproj", "{CE0DB18D-5B4E-4F39-AB3F-6933D8608476}"
EndProject
Project("{FAE04EC0-301F-11D3-BF4B-00C04F79EFBC}") = "LinkDev.Common.Crm.Cs.Utilities", "CustomStep\Generic\LinkDev.Common.Crm.Cs.Utilities\LinkDev.Common.Crm.Cs.Utilities.csproj", "{EB4A84EF-702A-4833-A805-68FD36442B36}"
EndProject
Project("{FAE04EC0-301F-11D3-BF4B-00C04F79EFBC}") = "LinkDev.Common.Crm.Logger", "CustomStep\Generic\LinkDev.Common.Crm.Logger\LinkDev.Common.Crm.Logger.csproj", "{DFA84D3C-57D5-467C-9F33-431825799245}"
EndProject
Project("{FAE04EC0-301F-11D3-BF4B-00C04F79EFBC}") = "LinkDev.Common.Crm.Plugin.Utilities", "CustomStep\Generic\LinkDev.Common.Crm.Plugin.Utilities\LinkDev.Common.Crm.Plugin.Utilities.csproj", "{B6CDBE3A-C281-4C27-8C6E-E96B2DB09061}"
EndProject
Project("{FAE04EC0-301F-11D3-BF4B-00C04F79EFBC}") = "LinkDev.Common.CRM.Plugins.BPFInstance", "CustomStep\Generic\LinkDev.Common.XRM.Plugins.BPFInstance\LinkDev.Common.CRM.Plugins.BPFInstance.csproj", "{E5385B5A-7F61-4753-8BBE-B4661992177C}"
EndProject
Project("{FAE04EC0-301F-11D3-BF4B-00C04F79EFBC}") = "LinkDev.Common.Crm.Bll.Base", "CustomStep\Generic\LinkDev.Common.Crm.Bll.Base\LinkDev.Common.Crm.Bll.Base.csproj", "{29BF7D0E-77B8-4C5D-8981-FD0619B5D31D}"
EndProject
Project("{FAE04EC0-301F-11D3-BF4B-00C04F79EFBC}") = "LinkDev.Common.Crm.Cs.Base", "CustomStep\Generic\LinkDev.Common.Crm.Cs.Base\LinkDev.Common.Crm.Cs.Base.csproj", "{B2BC4CF8-07A4-4116-8D36-C80CFB05DB68}"
EndProject
Project("{FAE04EC0-301F-11D3-BF4B-00C04F79EFBC}") = "LinkDev.Common.Crm.Plugin.Base", "CustomStep\Generic\LinkDev.Common.Crm.Plugin.Base\LinkDev.Common.Crm.Plugin.Base.csproj", "{206FCC51-A36F-4ACB-BB51-1203A25F04AE}"
EndProject
Project("{FAE04EC0-301F-11D3-BF4B-00C04F79EFBC}") = "LinkDev.Common.Crm.Utilities", "CustomStep\Generic\LinkDev.Common.Crm.Utilities\LinkDev.Common.Crm.Utilities.csproj", "{3357C3BC-A6C2-4B68-BDBC-E604A9B1C5B0}"
EndProject
Project("{FAE04EC0-301F-11D3-BF4B-00C04F79EFBC}") = "LinkDev.Gea.Crm.Bll.Common", "CustomStep\Generic\LinkDev.Gea.Crm.Bll.Common\LinkDev.Gea.Crm.Bll.Common.csproj", "{71BF0D2D-E682-4A85-8699-D2C801FA6D66}"
EndProject
Project("{FAE04EC0-301F-11D3-BF4B-00C04F79EFBC}") = "LinkDev.Common.Crm.Bll.MessageLocalization", "CustomStep\Generic\LinkDev.Common.Crm.Bll.MessageLocalization\LinkDev.Common.Crm.Bll.MessageLocalization\LinkDev.Common.Crm.Bll.MessageLocalization.csproj", "{D742C828-335C-412E-A230-C2BF4A5522CF}"
EndProject
Project("{2150E333-8FDC-42A3-9474-1A3956D46DE8}") = "NotUsed", "NotUsed", "{A498AAE4-58D1-4295-9F45-46825E3DCC40}"
EndProject
Project("{FAE04EC0-301F-11D3-BF4B-00C04F79EFBC}") = "Linkdev.Common.Moq", "Tests\Linkdev.Common.Moq\Linkdev.Common.Moq.csproj", "{2D51E899-087F-4717-8F91-8BA5102BE132}"
EndProject
Project("{FAE04EC0-301F-11D3-BF4B-00C04F79EFBC}") = "LinkDev.MOHU.Plugin.Utilites", "Plugins\LinkDev.MOHU.Plugin.Utilites\LinkDev.MOHU.Plugin.Utilites.csproj", "{5906D4DB-1CD8-4D59-8DEC-043C3243D8E1}"
EndProject
Project("{2150E333-8FDC-42A3-9474-1A3956D46DE8}") = "Reports", "Reports", "{617CA4D2-2ECD-4C37-BDBD-6261526BAACF}"
EndProject
Project("{F14B399A-7131-4C87-9E4B-1186C45EF12D}") = "LinkDev.MOHU.Reports", "Reports\LinkDev.MOHU.Reports\LinkDev.MOHU.Reports.rptproj", "{AF11DB95-2B24-4E0D-AC83-E45E064B45D7}"
EndProject
Global
	GlobalSection(SolutionConfigurationPlatforms) = preSolution
		CustomerPreProduction|Any CPU = CustomerPreProduction|Any CPU
		CustomerProduction|Any CPU = CustomerProduction|Any CPU
		CustomerTestingServer|Any CPU = CustomerTestingServer|Any CPU
		Debug|Any CPU = Debug|Any CPU
		DebugLocal|Any CPU = DebugLocal|Any CPU
		Dev|Any CPU = Dev|Any CPU
		QC|Any CPU = QC|Any CPU
		Release|Any CPU = Release|Any CPU
	EndGlobalSection
	GlobalSection(ProjectConfigurationPlatforms) = postSolution
		{2097A491-878A-4409-A665-92C13A0E7F08}.CustomerPreProduction|Any CPU.ActiveCfg = Release|Any CPU
		{2097A491-878A-4409-A665-92C13A0E7F08}.CustomerPreProduction|Any CPU.Build.0 = Release|Any CPU
		{2097A491-878A-4409-A665-92C13A0E7F08}.CustomerProduction|Any CPU.ActiveCfg = Release|Any CPU
		{2097A491-878A-4409-A665-92C13A0E7F08}.CustomerProduction|Any CPU.Build.0 = Release|Any CPU
		{2097A491-878A-4409-A665-92C13A0E7F08}.CustomerTestingServer|Any CPU.ActiveCfg = Release|Any CPU
		{2097A491-878A-4409-A665-92C13A0E7F08}.CustomerTestingServer|Any CPU.Build.0 = Release|Any CPU
		{2097A491-878A-4409-A665-92C13A0E7F08}.Debug|Any CPU.ActiveCfg = Debug|Any CPU
		{2097A491-878A-4409-A665-92C13A0E7F08}.Debug|Any CPU.Build.0 = Debug|Any CPU
		{2097A491-878A-4409-A665-92C13A0E7F08}.DebugLocal|Any CPU.ActiveCfg = Debug|Any CPU
		{2097A491-878A-4409-A665-92C13A0E7F08}.DebugLocal|Any CPU.Build.0 = Debug|Any CPU
		{2097A491-878A-4409-A665-92C13A0E7F08}.Dev|Any CPU.ActiveCfg = Debug|Any CPU
		{2097A491-878A-4409-A665-92C13A0E7F08}.Dev|Any CPU.Build.0 = Debug|Any CPU
		{2097A491-878A-4409-A665-92C13A0E7F08}.QC|Any CPU.ActiveCfg = Release|Any CPU
		{2097A491-878A-4409-A665-92C13A0E7F08}.QC|Any CPU.Build.0 = Release|Any CPU
		{2097A491-878A-4409-A665-92C13A0E7F08}.Release|Any CPU.ActiveCfg = Release|Any CPU
		{2097A491-878A-4409-A665-92C13A0E7F08}.Release|Any CPU.Build.0 = Release|Any CPU
		{B2999FF5-016F-4EFC-93FF-D846858BDD87}.CustomerPreProduction|Any CPU.ActiveCfg = Release|Any CPU
		{B2999FF5-016F-4EFC-93FF-D846858BDD87}.CustomerPreProduction|Any CPU.Build.0 = Release|Any CPU
		{B2999FF5-016F-4EFC-93FF-D846858BDD87}.CustomerProduction|Any CPU.ActiveCfg = Release|Any CPU
		{B2999FF5-016F-4EFC-93FF-D846858BDD87}.CustomerProduction|Any CPU.Build.0 = Release|Any CPU
		{B2999FF5-016F-4EFC-93FF-D846858BDD87}.CustomerTestingServer|Any CPU.ActiveCfg = Release|Any CPU
		{B2999FF5-016F-4EFC-93FF-D846858BDD87}.CustomerTestingServer|Any CPU.Build.0 = Release|Any CPU
		{B2999FF5-016F-4EFC-93FF-D846858BDD87}.Debug|Any CPU.ActiveCfg = Debug|Any CPU
		{B2999FF5-016F-4EFC-93FF-D846858BDD87}.Debug|Any CPU.Build.0 = Debug|Any CPU
		{B2999FF5-016F-4EFC-93FF-D846858BDD87}.DebugLocal|Any CPU.ActiveCfg = Debug|Any CPU
		{B2999FF5-016F-4EFC-93FF-D846858BDD87}.DebugLocal|Any CPU.Build.0 = Debug|Any CPU
		{B2999FF5-016F-4EFC-93FF-D846858BDD87}.Dev|Any CPU.ActiveCfg = Debug|Any CPU
		{B2999FF5-016F-4EFC-93FF-D846858BDD87}.Dev|Any CPU.Build.0 = Debug|Any CPU
		{B2999FF5-016F-4EFC-93FF-D846858BDD87}.QC|Any CPU.ActiveCfg = Release|Any CPU
		{B2999FF5-016F-4EFC-93FF-D846858BDD87}.QC|Any CPU.Build.0 = Release|Any CPU
		{B2999FF5-016F-4EFC-93FF-D846858BDD87}.Release|Any CPU.ActiveCfg = Release|Any CPU
		{B2999FF5-016F-4EFC-93FF-D846858BDD87}.Release|Any CPU.Build.0 = Release|Any CPU
		{99F46178-1E91-462D-8DDD-A5F27AFB5B7F}.CustomerPreProduction|Any CPU.ActiveCfg = Release|Any CPU
		{99F46178-1E91-462D-8DDD-A5F27AFB5B7F}.CustomerPreProduction|Any CPU.Build.0 = Release|Any CPU
		{99F46178-1E91-462D-8DDD-A5F27AFB5B7F}.CustomerProduction|Any CPU.ActiveCfg = Release|Any CPU
		{99F46178-1E91-462D-8DDD-A5F27AFB5B7F}.CustomerProduction|Any CPU.Build.0 = Release|Any CPU
		{99F46178-1E91-462D-8DDD-A5F27AFB5B7F}.CustomerTestingServer|Any CPU.ActiveCfg = Release|Any CPU
		{99F46178-1E91-462D-8DDD-A5F27AFB5B7F}.CustomerTestingServer|Any CPU.Build.0 = Release|Any CPU
		{99F46178-1E91-462D-8DDD-A5F27AFB5B7F}.Debug|Any CPU.ActiveCfg = Debug|Any CPU
		{99F46178-1E91-462D-8DDD-A5F27AFB5B7F}.Debug|Any CPU.Build.0 = Debug|Any CPU
		{99F46178-1E91-462D-8DDD-A5F27AFB5B7F}.DebugLocal|Any CPU.ActiveCfg = Debug|Any CPU
		{99F46178-1E91-462D-8DDD-A5F27AFB5B7F}.DebugLocal|Any CPU.Build.0 = Debug|Any CPU
		{99F46178-1E91-462D-8DDD-A5F27AFB5B7F}.Dev|Any CPU.ActiveCfg = Debug|Any CPU
		{99F46178-1E91-462D-8DDD-A5F27AFB5B7F}.Dev|Any CPU.Build.0 = Debug|Any CPU
		{99F46178-1E91-462D-8DDD-A5F27AFB5B7F}.QC|Any CPU.ActiveCfg = Release|Any CPU
		{99F46178-1E91-462D-8DDD-A5F27AFB5B7F}.QC|Any CPU.Build.0 = Release|Any CPU
		{99F46178-1E91-462D-8DDD-A5F27AFB5B7F}.Release|Any CPU.ActiveCfg = Release|Any CPU
		{99F46178-1E91-462D-8DDD-A5F27AFB5B7F}.Release|Any CPU.Build.0 = Release|Any CPU
		{937155CC-CB3A-48F1-AD20-C55931483CA6}.CustomerPreProduction|Any CPU.ActiveCfg = Release|Any CPU
		{937155CC-CB3A-48F1-AD20-C55931483CA6}.CustomerPreProduction|Any CPU.Build.0 = Release|Any CPU
		{937155CC-CB3A-48F1-AD20-C55931483CA6}.CustomerProduction|Any CPU.ActiveCfg = Release|Any CPU
		{937155CC-CB3A-48F1-AD20-C55931483CA6}.CustomerProduction|Any CPU.Build.0 = Release|Any CPU
		{937155CC-CB3A-48F1-AD20-C55931483CA6}.CustomerTestingServer|Any CPU.ActiveCfg = Release|Any CPU
		{937155CC-CB3A-48F1-AD20-C55931483CA6}.CustomerTestingServer|Any CPU.Build.0 = Release|Any CPU
		{937155CC-CB3A-48F1-AD20-C55931483CA6}.Debug|Any CPU.ActiveCfg = Debug|Any CPU
		{937155CC-CB3A-48F1-AD20-C55931483CA6}.Debug|Any CPU.Build.0 = Debug|Any CPU
		{937155CC-CB3A-48F1-AD20-C55931483CA6}.DebugLocal|Any CPU.ActiveCfg = Debug|Any CPU
		{937155CC-CB3A-48F1-AD20-C55931483CA6}.DebugLocal|Any CPU.Build.0 = Debug|Any CPU
		{937155CC-CB3A-48F1-AD20-C55931483CA6}.Dev|Any CPU.ActiveCfg = Debug|Any CPU
		{937155CC-CB3A-48F1-AD20-C55931483CA6}.Dev|Any CPU.Build.0 = Debug|Any CPU
		{937155CC-CB3A-48F1-AD20-C55931483CA6}.QC|Any CPU.ActiveCfg = Release|Any CPU
		{937155CC-CB3A-48F1-AD20-C55931483CA6}.QC|Any CPU.Build.0 = Release|Any CPU
		{937155CC-CB3A-48F1-AD20-C55931483CA6}.Release|Any CPU.ActiveCfg = Release|Any CPU
		{937155CC-CB3A-48F1-AD20-C55931483CA6}.Release|Any CPU.Build.0 = Release|Any CPU
		{5FF8F487-0A81-4628-9774-B9CAFD10B851}.CustomerPreProduction|Any CPU.ActiveCfg = Release|Any CPU
		{5FF8F487-0A81-4628-9774-B9CAFD10B851}.CustomerPreProduction|Any CPU.Build.0 = Release|Any CPU
		{5FF8F487-0A81-4628-9774-B9CAFD10B851}.CustomerProduction|Any CPU.ActiveCfg = Release|Any CPU
		{5FF8F487-0A81-4628-9774-B9CAFD10B851}.CustomerProduction|Any CPU.Build.0 = Release|Any CPU
		{5FF8F487-0A81-4628-9774-B9CAFD10B851}.CustomerTestingServer|Any CPU.ActiveCfg = Release|Any CPU
		{5FF8F487-0A81-4628-9774-B9CAFD10B851}.CustomerTestingServer|Any CPU.Build.0 = Release|Any CPU
		{5FF8F487-0A81-4628-9774-B9CAFD10B851}.Debug|Any CPU.ActiveCfg = Debug|Any CPU
		{5FF8F487-0A81-4628-9774-B9CAFD10B851}.Debug|Any CPU.Build.0 = Debug|Any CPU
		{5FF8F487-0A81-4628-9774-B9CAFD10B851}.DebugLocal|Any CPU.ActiveCfg = Debug|Any CPU
		{5FF8F487-0A81-4628-9774-B9CAFD10B851}.DebugLocal|Any CPU.Build.0 = Debug|Any CPU
		{5FF8F487-0A81-4628-9774-B9CAFD10B851}.Dev|Any CPU.ActiveCfg = Debug|Any CPU
		{5FF8F487-0A81-4628-9774-B9CAFD10B851}.Dev|Any CPU.Build.0 = Debug|Any CPU
		{5FF8F487-0A81-4628-9774-B9CAFD10B851}.QC|Any CPU.ActiveCfg = Release|Any CPU
		{5FF8F487-0A81-4628-9774-B9CAFD10B851}.QC|Any CPU.Build.0 = Release|Any CPU
		{5FF8F487-0A81-4628-9774-B9CAFD10B851}.Release|Any CPU.ActiveCfg = Release|Any CPU
		{5FF8F487-0A81-4628-9774-B9CAFD10B851}.Release|Any CPU.Build.0 = Release|Any CPU
		{62BB5A12-2707-40C2-9826-DC1153677234}.CustomerPreProduction|Any CPU.ActiveCfg = Release|Any CPU
		{62BB5A12-2707-40C2-9826-DC1153677234}.CustomerPreProduction|Any CPU.Build.0 = Release|Any CPU
		{62BB5A12-2707-40C2-9826-DC1153677234}.CustomerProduction|Any CPU.ActiveCfg = Release|Any CPU
		{62BB5A12-2707-40C2-9826-DC1153677234}.CustomerProduction|Any CPU.Build.0 = Release|Any CPU
		{62BB5A12-2707-40C2-9826-DC1153677234}.CustomerTestingServer|Any CPU.ActiveCfg = Release|Any CPU
		{62BB5A12-2707-40C2-9826-DC1153677234}.CustomerTestingServer|Any CPU.Build.0 = Release|Any CPU
		{62BB5A12-2707-40C2-9826-DC1153677234}.Debug|Any CPU.ActiveCfg = Debug|Any CPU
		{62BB5A12-2707-40C2-9826-DC1153677234}.Debug|Any CPU.Build.0 = Debug|Any CPU
		{62BB5A12-2707-40C2-9826-DC1153677234}.DebugLocal|Any CPU.ActiveCfg = Debug|Any CPU
		{62BB5A12-2707-40C2-9826-DC1153677234}.DebugLocal|Any CPU.Build.0 = Debug|Any CPU
		{62BB5A12-2707-40C2-9826-DC1153677234}.Dev|Any CPU.ActiveCfg = Debug|Any CPU
		{62BB5A12-2707-40C2-9826-DC1153677234}.Dev|Any CPU.Build.0 = Debug|Any CPU
		{62BB5A12-2707-40C2-9826-DC1153677234}.QC|Any CPU.ActiveCfg = Release|Any CPU
		{62BB5A12-2707-40C2-9826-DC1153677234}.QC|Any CPU.Build.0 = Release|Any CPU
		{62BB5A12-2707-40C2-9826-DC1153677234}.Release|Any CPU.ActiveCfg = Release|Any CPU
		{62BB5A12-2707-40C2-9826-DC1153677234}.Release|Any CPU.Build.0 = Release|Any CPU
		{D628FDAF-9567-4160-9AF1-B08A2EBFE5BE}.CustomerPreProduction|Any CPU.ActiveCfg = Release|Any CPU
		{D628FDAF-9567-4160-9AF1-B08A2EBFE5BE}.CustomerPreProduction|Any CPU.Build.0 = Release|Any CPU
		{D628FDAF-9567-4160-9AF1-B08A2EBFE5BE}.CustomerProduction|Any CPU.ActiveCfg = Release|Any CPU
		{D628FDAF-9567-4160-9AF1-B08A2EBFE5BE}.CustomerProduction|Any CPU.Build.0 = Release|Any CPU
		{D628FDAF-9567-4160-9AF1-B08A2EBFE5BE}.CustomerTestingServer|Any CPU.ActiveCfg = Release|Any CPU
		{D628FDAF-9567-4160-9AF1-B08A2EBFE5BE}.CustomerTestingServer|Any CPU.Build.0 = Release|Any CPU
		{D628FDAF-9567-4160-9AF1-B08A2EBFE5BE}.Debug|Any CPU.ActiveCfg = Debug|Any CPU
		{D628FDAF-9567-4160-9AF1-B08A2EBFE5BE}.Debug|Any CPU.Build.0 = Debug|Any CPU
		{D628FDAF-9567-4160-9AF1-B08A2EBFE5BE}.DebugLocal|Any CPU.ActiveCfg = Debug|Any CPU
		{D628FDAF-9567-4160-9AF1-B08A2EBFE5BE}.DebugLocal|Any CPU.Build.0 = Debug|Any CPU
		{D628FDAF-9567-4160-9AF1-B08A2EBFE5BE}.Dev|Any CPU.ActiveCfg = Debug|Any CPU
		{D628FDAF-9567-4160-9AF1-B08A2EBFE5BE}.Dev|Any CPU.Build.0 = Debug|Any CPU
		{D628FDAF-9567-4160-9AF1-B08A2EBFE5BE}.QC|Any CPU.ActiveCfg = Release|Any CPU
		{D628FDAF-9567-4160-9AF1-B08A2EBFE5BE}.QC|Any CPU.Build.0 = Release|Any CPU
		{D628FDAF-9567-4160-9AF1-B08A2EBFE5BE}.Release|Any CPU.ActiveCfg = Release|Any CPU
		{D628FDAF-9567-4160-9AF1-B08A2EBFE5BE}.Release|Any CPU.Build.0 = Release|Any CPU
		{3D61C374-4CE2-4F17-A25D-7A0C1C3E64A6}.CustomerPreProduction|Any CPU.ActiveCfg = CustomerPreProduction|Any CPU
		{3D61C374-4CE2-4F17-A25D-7A0C1C3E64A6}.CustomerPreProduction|Any CPU.Build.0 = CustomerPreProduction|Any CPU
		{3D61C374-4CE2-4F17-A25D-7A0C1C3E64A6}.CustomerProduction|Any CPU.ActiveCfg = CustomerProduction|Any CPU
		{3D61C374-4CE2-4F17-A25D-7A0C1C3E64A6}.CustomerProduction|Any CPU.Build.0 = CustomerProduction|Any CPU
		{3D61C374-4CE2-4F17-A25D-7A0C1C3E64A6}.CustomerTestingServer|Any CPU.ActiveCfg = CustomerTestingServer|Any CPU
		{3D61C374-4CE2-4F17-A25D-7A0C1C3E64A6}.CustomerTestingServer|Any CPU.Build.0 = CustomerTestingServer|Any CPU
		{3D61C374-4CE2-4F17-A25D-7A0C1C3E64A6}.Debug|Any CPU.ActiveCfg = Debug|Any CPU
		{3D61C374-4CE2-4F17-A25D-7A0C1C3E64A6}.Debug|Any CPU.Build.0 = Debug|Any CPU
		{3D61C374-4CE2-4F17-A25D-7A0C1C3E64A6}.DebugLocal|Any CPU.ActiveCfg = Debug|Any CPU
		{3D61C374-4CE2-4F17-A25D-7A0C1C3E64A6}.DebugLocal|Any CPU.Build.0 = Debug|Any CPU
		{3D61C374-4CE2-4F17-A25D-7A0C1C3E64A6}.Dev|Any CPU.ActiveCfg = Dev|Any CPU
		{3D61C374-4CE2-4F17-A25D-7A0C1C3E64A6}.Dev|Any CPU.Build.0 = Dev|Any CPU
		{3D61C374-4CE2-4F17-A25D-7A0C1C3E64A6}.QC|Any CPU.ActiveCfg = QC|Any CPU
		{3D61C374-4CE2-4F17-A25D-7A0C1C3E64A6}.QC|Any CPU.Build.0 = QC|Any CPU
		{3D61C374-4CE2-4F17-A25D-7A0C1C3E64A6}.Release|Any CPU.ActiveCfg = Release|Any CPU
		{3D61C374-4CE2-4F17-A25D-7A0C1C3E64A6}.Release|Any CPU.Build.0 = Release|Any CPU
		{40042F3B-9B91-4F0B-8330-6AC295FF0E45}.CustomerPreProduction|Any CPU.ActiveCfg = CustomerPreProduction|Any CPU
		{40042F3B-9B91-4F0B-8330-6AC295FF0E45}.CustomerPreProduction|Any CPU.Build.0 = CustomerPreProduction|Any CPU
		{40042F3B-9B91-4F0B-8330-6AC295FF0E45}.CustomerProduction|Any CPU.ActiveCfg = CustomerProduction|Any CPU
		{40042F3B-9B91-4F0B-8330-6AC295FF0E45}.CustomerProduction|Any CPU.Build.0 = CustomerProduction|Any CPU
		{40042F3B-9B91-4F0B-8330-6AC295FF0E45}.CustomerTestingServer|Any CPU.ActiveCfg = CustomerTestingServer|Any CPU
		{40042F3B-9B91-4F0B-8330-6AC295FF0E45}.CustomerTestingServer|Any CPU.Build.0 = CustomerTestingServer|Any CPU
		{40042F3B-9B91-4F0B-8330-6AC295FF0E45}.Debug|Any CPU.ActiveCfg = Debug|Any CPU
		{40042F3B-9B91-4F0B-8330-6AC295FF0E45}.Debug|Any CPU.Build.0 = Debug|Any CPU
		{40042F3B-9B91-4F0B-8330-6AC295FF0E45}.DebugLocal|Any CPU.ActiveCfg = Debug|Any CPU
		{40042F3B-9B91-4F0B-8330-6AC295FF0E45}.DebugLocal|Any CPU.Build.0 = Debug|Any CPU
		{40042F3B-9B91-4F0B-8330-6AC295FF0E45}.Dev|Any CPU.ActiveCfg = Dev|Any CPU
		{40042F3B-9B91-4F0B-8330-6AC295FF0E45}.Dev|Any CPU.Build.0 = Dev|Any CPU
		{40042F3B-9B91-4F0B-8330-6AC295FF0E45}.QC|Any CPU.ActiveCfg = QC|Any CPU
		{40042F3B-9B91-4F0B-8330-6AC295FF0E45}.QC|Any CPU.Build.0 = QC|Any CPU
		{40042F3B-9B91-4F0B-8330-6AC295FF0E45}.Release|Any CPU.ActiveCfg = Release|Any CPU
		{40042F3B-9B91-4F0B-8330-6AC295FF0E45}.Release|Any CPU.Build.0 = Release|Any CPU
		{1161D672-E396-486B-9191-FD10D7BF6325}.CustomerPreProduction|Any CPU.ActiveCfg = CustomerPreProduction|Any CPU
		{1161D672-E396-486B-9191-FD10D7BF6325}.CustomerPreProduction|Any CPU.Build.0 = CustomerPreProduction|Any CPU
		{1161D672-E396-486B-9191-FD10D7BF6325}.CustomerProduction|Any CPU.ActiveCfg = CustomerProduction|Any CPU
		{1161D672-E396-486B-9191-FD10D7BF6325}.CustomerProduction|Any CPU.Build.0 = CustomerProduction|Any CPU
		{1161D672-E396-486B-9191-FD10D7BF6325}.CustomerTestingServer|Any CPU.ActiveCfg = CustomerTestingServer|Any CPU
		{1161D672-E396-486B-9191-FD10D7BF6325}.CustomerTestingServer|Any CPU.Build.0 = CustomerTestingServer|Any CPU
		{1161D672-E396-486B-9191-FD10D7BF6325}.Debug|Any CPU.ActiveCfg = Debug|Any CPU
		{1161D672-E396-486B-9191-FD10D7BF6325}.Debug|Any CPU.Build.0 = Debug|Any CPU
		{1161D672-E396-486B-9191-FD10D7BF6325}.DebugLocal|Any CPU.ActiveCfg = Debug|Any CPU
		{1161D672-E396-486B-9191-FD10D7BF6325}.DebugLocal|Any CPU.Build.0 = Debug|Any CPU
		{1161D672-E396-486B-9191-FD10D7BF6325}.Dev|Any CPU.ActiveCfg = Dev|Any CPU
		{1161D672-E396-486B-9191-FD10D7BF6325}.Dev|Any CPU.Build.0 = Dev|Any CPU
		{1161D672-E396-486B-9191-FD10D7BF6325}.QC|Any CPU.ActiveCfg = QC|Any CPU
		{1161D672-E396-486B-9191-FD10D7BF6325}.QC|Any CPU.Build.0 = QC|Any CPU
		{1161D672-E396-486B-9191-FD10D7BF6325}.Release|Any CPU.ActiveCfg = Release|Any CPU
		{1161D672-E396-486B-9191-FD10D7BF6325}.Release|Any CPU.Build.0 = Release|Any CPU
		{1169E619-FC34-41F7-847B-D5B191211407}.CustomerPreProduction|Any CPU.ActiveCfg = CustomerPreProduction|Any CPU
		{1169E619-FC34-41F7-847B-D5B191211407}.CustomerPreProduction|Any CPU.Build.0 = CustomerPreProduction|Any CPU
		{1169E619-FC34-41F7-847B-D5B191211407}.CustomerProduction|Any CPU.ActiveCfg = CustomerProduction|Any CPU
		{1169E619-FC34-41F7-847B-D5B191211407}.CustomerProduction|Any CPU.Build.0 = CustomerProduction|Any CPU
		{1169E619-FC34-41F7-847B-D5B191211407}.CustomerTestingServer|Any CPU.ActiveCfg = CustomerTestingServer|Any CPU
		{1169E619-FC34-41F7-847B-D5B191211407}.CustomerTestingServer|Any CPU.Build.0 = CustomerTestingServer|Any CPU
		{1169E619-FC34-41F7-847B-D5B191211407}.Debug|Any CPU.ActiveCfg = Debug|Any CPU
		{1169E619-FC34-41F7-847B-D5B191211407}.Debug|Any CPU.Build.0 = Debug|Any CPU
		{1169E619-FC34-41F7-847B-D5B191211407}.DebugLocal|Any CPU.ActiveCfg = Debug|Any CPU
		{1169E619-FC34-41F7-847B-D5B191211407}.DebugLocal|Any CPU.Build.0 = Debug|Any CPU
		{1169E619-FC34-41F7-847B-D5B191211407}.Dev|Any CPU.ActiveCfg = Dev|Any CPU
		{1169E619-FC34-41F7-847B-D5B191211407}.Dev|Any CPU.Build.0 = Dev|Any CPU
		{1169E619-FC34-41F7-847B-D5B191211407}.QC|Any CPU.ActiveCfg = QC|Any CPU
		{1169E619-FC34-41F7-847B-D5B191211407}.QC|Any CPU.Build.0 = QC|Any CPU
		{1169E619-FC34-41F7-847B-D5B191211407}.Release|Any CPU.ActiveCfg = Release|Any CPU
		{1169E619-FC34-41F7-847B-D5B191211407}.Release|Any CPU.Build.0 = Release|Any CPU
		{CE0DB18D-5B4E-4F39-AB3F-6933D8608476}.CustomerPreProduction|Any CPU.ActiveCfg = CustomerPreProduction|Any CPU
		{CE0DB18D-5B4E-4F39-AB3F-6933D8608476}.CustomerPreProduction|Any CPU.Build.0 = CustomerPreProduction|Any CPU
		{CE0DB18D-5B4E-4F39-AB3F-6933D8608476}.CustomerProduction|Any CPU.ActiveCfg = CustomerProduction|Any CPU
		{CE0DB18D-5B4E-4F39-AB3F-6933D8608476}.CustomerProduction|Any CPU.Build.0 = CustomerProduction|Any CPU
		{CE0DB18D-5B4E-4F39-AB3F-6933D8608476}.CustomerTestingServer|Any CPU.ActiveCfg = CustomerTestingServer|Any CPU
		{CE0DB18D-5B4E-4F39-AB3F-6933D8608476}.CustomerTestingServer|Any CPU.Build.0 = CustomerTestingServer|Any CPU
		{CE0DB18D-5B4E-4F39-AB3F-6933D8608476}.Debug|Any CPU.ActiveCfg = Debug|Any CPU
		{CE0DB18D-5B4E-4F39-AB3F-6933D8608476}.Debug|Any CPU.Build.0 = Debug|Any CPU
		{CE0DB18D-5B4E-4F39-AB3F-6933D8608476}.DebugLocal|Any CPU.ActiveCfg = Debug|Any CPU
		{CE0DB18D-5B4E-4F39-AB3F-6933D8608476}.DebugLocal|Any CPU.Build.0 = Debug|Any CPU
		{CE0DB18D-5B4E-4F39-AB3F-6933D8608476}.Dev|Any CPU.ActiveCfg = Dev|Any CPU
		{CE0DB18D-5B4E-4F39-AB3F-6933D8608476}.Dev|Any CPU.Build.0 = Dev|Any CPU
		{CE0DB18D-5B4E-4F39-AB3F-6933D8608476}.QC|Any CPU.ActiveCfg = QC|Any CPU
		{CE0DB18D-5B4E-4F39-AB3F-6933D8608476}.QC|Any CPU.Build.0 = QC|Any CPU
		{CE0DB18D-5B4E-4F39-AB3F-6933D8608476}.Release|Any CPU.ActiveCfg = Release|Any CPU
		{CE0DB18D-5B4E-4F39-AB3F-6933D8608476}.Release|Any CPU.Build.0 = Release|Any CPU
		{EB4A84EF-702A-4833-A805-68FD36442B36}.CustomerPreProduction|Any CPU.ActiveCfg = CustomerPreProduction|Any CPU
		{EB4A84EF-702A-4833-A805-68FD36442B36}.CustomerPreProduction|Any CPU.Build.0 = CustomerPreProduction|Any CPU
		{EB4A84EF-702A-4833-A805-68FD36442B36}.CustomerProduction|Any CPU.ActiveCfg = CustomerProduction|Any CPU
		{EB4A84EF-702A-4833-A805-68FD36442B36}.CustomerProduction|Any CPU.Build.0 = CustomerProduction|Any CPU
		{EB4A84EF-702A-4833-A805-68FD36442B36}.CustomerTestingServer|Any CPU.ActiveCfg = CustomerTestingServer|Any CPU
		{EB4A84EF-702A-4833-A805-68FD36442B36}.CustomerTestingServer|Any CPU.Build.0 = CustomerTestingServer|Any CPU
		{EB4A84EF-702A-4833-A805-68FD36442B36}.Debug|Any CPU.ActiveCfg = Debug|Any CPU
		{EB4A84EF-702A-4833-A805-68FD36442B36}.Debug|Any CPU.Build.0 = Debug|Any CPU
		{EB4A84EF-702A-4833-A805-68FD36442B36}.DebugLocal|Any CPU.ActiveCfg = Debug|Any CPU
		{EB4A84EF-702A-4833-A805-68FD36442B36}.DebugLocal|Any CPU.Build.0 = Debug|Any CPU
		{EB4A84EF-702A-4833-A805-68FD36442B36}.Dev|Any CPU.ActiveCfg = Dev|Any CPU
		{EB4A84EF-702A-4833-A805-68FD36442B36}.Dev|Any CPU.Build.0 = Dev|Any CPU
		{EB4A84EF-702A-4833-A805-68FD36442B36}.QC|Any CPU.ActiveCfg = QC|Any CPU
		{EB4A84EF-702A-4833-A805-68FD36442B36}.QC|Any CPU.Build.0 = QC|Any CPU
		{EB4A84EF-702A-4833-A805-68FD36442B36}.Release|Any CPU.ActiveCfg = Release|Any CPU
		{EB4A84EF-702A-4833-A805-68FD36442B36}.Release|Any CPU.Build.0 = Release|Any CPU
		{DFA84D3C-57D5-467C-9F33-431825799245}.CustomerPreProduction|Any CPU.ActiveCfg = CustomerPreProduction|Any CPU
		{DFA84D3C-57D5-467C-9F33-431825799245}.CustomerPreProduction|Any CPU.Build.0 = CustomerPreProduction|Any CPU
		{DFA84D3C-57D5-467C-9F33-431825799245}.CustomerProduction|Any CPU.ActiveCfg = CustomerProduction|Any CPU
		{DFA84D3C-57D5-467C-9F33-431825799245}.CustomerProduction|Any CPU.Build.0 = CustomerProduction|Any CPU
		{DFA84D3C-57D5-467C-9F33-431825799245}.CustomerTestingServer|Any CPU.ActiveCfg = CustomerTestingServer|Any CPU
		{DFA84D3C-57D5-467C-9F33-431825799245}.CustomerTestingServer|Any CPU.Build.0 = CustomerTestingServer|Any CPU
		{DFA84D3C-57D5-467C-9F33-431825799245}.Debug|Any CPU.ActiveCfg = Debug|Any CPU
		{DFA84D3C-57D5-467C-9F33-431825799245}.Debug|Any CPU.Build.0 = Debug|Any CPU
		{DFA84D3C-57D5-467C-9F33-431825799245}.DebugLocal|Any CPU.ActiveCfg = Debug|Any CPU
		{DFA84D3C-57D5-467C-9F33-431825799245}.DebugLocal|Any CPU.Build.0 = Debug|Any CPU
		{DFA84D3C-57D5-467C-9F33-431825799245}.Dev|Any CPU.ActiveCfg = Dev|Any CPU
		{DFA84D3C-57D5-467C-9F33-431825799245}.Dev|Any CPU.Build.0 = Dev|Any CPU
		{DFA84D3C-57D5-467C-9F33-431825799245}.QC|Any CPU.ActiveCfg = QC|Any CPU
		{DFA84D3C-57D5-467C-9F33-431825799245}.QC|Any CPU.Build.0 = QC|Any CPU
		{DFA84D3C-57D5-467C-9F33-431825799245}.Release|Any CPU.ActiveCfg = Release|Any CPU
		{DFA84D3C-57D5-467C-9F33-431825799245}.Release|Any CPU.Build.0 = Release|Any CPU
		{B6CDBE3A-C281-4C27-8C6E-E96B2DB09061}.CustomerPreProduction|Any CPU.ActiveCfg = CustomerPreProduction|Any CPU
		{B6CDBE3A-C281-4C27-8C6E-E96B2DB09061}.CustomerPreProduction|Any CPU.Build.0 = CustomerPreProduction|Any CPU
		{B6CDBE3A-C281-4C27-8C6E-E96B2DB09061}.CustomerProduction|Any CPU.ActiveCfg = CustomerPreProduction|Any CPU
		{B6CDBE3A-C281-4C27-8C6E-E96B2DB09061}.CustomerProduction|Any CPU.Build.0 = CustomerPreProduction|Any CPU
		{B6CDBE3A-C281-4C27-8C6E-E96B2DB09061}.CustomerTestingServer|Any CPU.ActiveCfg = CustomerTestingServer|Any CPU
		{B6CDBE3A-C281-4C27-8C6E-E96B2DB09061}.CustomerTestingServer|Any CPU.Build.0 = CustomerTestingServer|Any CPU
		{B6CDBE3A-C281-4C27-8C6E-E96B2DB09061}.Debug|Any CPU.ActiveCfg = Debug|Any CPU
		{B6CDBE3A-C281-4C27-8C6E-E96B2DB09061}.Debug|Any CPU.Build.0 = Debug|Any CPU
		{B6CDBE3A-C281-4C27-8C6E-E96B2DB09061}.DebugLocal|Any CPU.ActiveCfg = Debug|Any CPU
		{B6CDBE3A-C281-4C27-8C6E-E96B2DB09061}.DebugLocal|Any CPU.Build.0 = Debug|Any CPU
		{B6CDBE3A-C281-4C27-8C6E-E96B2DB09061}.Dev|Any CPU.ActiveCfg = Dev|Any CPU
		{B6CDBE3A-C281-4C27-8C6E-E96B2DB09061}.Dev|Any CPU.Build.0 = Dev|Any CPU
		{B6CDBE3A-C281-4C27-8C6E-E96B2DB09061}.QC|Any CPU.ActiveCfg = QC|Any CPU
		{B6CDBE3A-C281-4C27-8C6E-E96B2DB09061}.QC|Any CPU.Build.0 = QC|Any CPU
		{B6CDBE3A-C281-4C27-8C6E-E96B2DB09061}.Release|Any CPU.ActiveCfg = Release|Any CPU
		{B6CDBE3A-C281-4C27-8C6E-E96B2DB09061}.Release|Any CPU.Build.0 = Release|Any CPU
		{E5385B5A-7F61-4753-8BBE-B4661992177C}.CustomerPreProduction|Any CPU.ActiveCfg = CustomerPreProduction|Any CPU
		{E5385B5A-7F61-4753-8BBE-B4661992177C}.CustomerPreProduction|Any CPU.Build.0 = CustomerPreProduction|Any CPU
		{E5385B5A-7F61-4753-8BBE-B4661992177C}.CustomerProduction|Any CPU.ActiveCfg = CustomerProduction|Any CPU
		{E5385B5A-7F61-4753-8BBE-B4661992177C}.CustomerProduction|Any CPU.Build.0 = CustomerProduction|Any CPU
		{E5385B5A-7F61-4753-8BBE-B4661992177C}.CustomerTestingServer|Any CPU.ActiveCfg = CustomerTestingServer|Any CPU
		{E5385B5A-7F61-4753-8BBE-B4661992177C}.CustomerTestingServer|Any CPU.Build.0 = CustomerTestingServer|Any CPU
		{E5385B5A-7F61-4753-8BBE-B4661992177C}.Debug|Any CPU.ActiveCfg = Debug|Any CPU
		{E5385B5A-7F61-4753-8BBE-B4661992177C}.Debug|Any CPU.Build.0 = Debug|Any CPU
		{E5385B5A-7F61-4753-8BBE-B4661992177C}.DebugLocal|Any CPU.ActiveCfg = Debug|Any CPU
		{E5385B5A-7F61-4753-8BBE-B4661992177C}.DebugLocal|Any CPU.Build.0 = Debug|Any CPU
		{E5385B5A-7F61-4753-8BBE-B4661992177C}.Dev|Any CPU.ActiveCfg = Dev|Any CPU
		{E5385B5A-7F61-4753-8BBE-B4661992177C}.Dev|Any CPU.Build.0 = Dev|Any CPU
		{E5385B5A-7F61-4753-8BBE-B4661992177C}.QC|Any CPU.ActiveCfg = QC|Any CPU
		{E5385B5A-7F61-4753-8BBE-B4661992177C}.QC|Any CPU.Build.0 = QC|Any CPU
		{E5385B5A-7F61-4753-8BBE-B4661992177C}.Release|Any CPU.ActiveCfg = Release|Any CPU
		{E5385B5A-7F61-4753-8BBE-B4661992177C}.Release|Any CPU.Build.0 = Release|Any CPU
		{29BF7D0E-77B8-4C5D-8981-FD0619B5D31D}.CustomerPreProduction|Any CPU.ActiveCfg = CustomerPreProduction|Any CPU
		{29BF7D0E-77B8-4C5D-8981-FD0619B5D31D}.CustomerPreProduction|Any CPU.Build.0 = CustomerPreProduction|Any CPU
		{29BF7D0E-77B8-4C5D-8981-FD0619B5D31D}.CustomerProduction|Any CPU.ActiveCfg = CustomerProduction|Any CPU
		{29BF7D0E-77B8-4C5D-8981-FD0619B5D31D}.CustomerProduction|Any CPU.Build.0 = CustomerProduction|Any CPU
		{29BF7D0E-77B8-4C5D-8981-FD0619B5D31D}.CustomerTestingServer|Any CPU.ActiveCfg = CustomerTestingServer|Any CPU
		{29BF7D0E-77B8-4C5D-8981-FD0619B5D31D}.CustomerTestingServer|Any CPU.Build.0 = CustomerTestingServer|Any CPU
		{29BF7D0E-77B8-4C5D-8981-FD0619B5D31D}.Debug|Any CPU.ActiveCfg = Debug|Any CPU
		{29BF7D0E-77B8-4C5D-8981-FD0619B5D31D}.Debug|Any CPU.Build.0 = Debug|Any CPU
		{29BF7D0E-77B8-4C5D-8981-FD0619B5D31D}.DebugLocal|Any CPU.ActiveCfg = Debug|Any CPU
		{29BF7D0E-77B8-4C5D-8981-FD0619B5D31D}.DebugLocal|Any CPU.Build.0 = Debug|Any CPU
		{29BF7D0E-77B8-4C5D-8981-FD0619B5D31D}.Dev|Any CPU.ActiveCfg = Dev|Any CPU
		{29BF7D0E-77B8-4C5D-8981-FD0619B5D31D}.Dev|Any CPU.Build.0 = Dev|Any CPU
		{29BF7D0E-77B8-4C5D-8981-FD0619B5D31D}.QC|Any CPU.ActiveCfg = QC|Any CPU
		{29BF7D0E-77B8-4C5D-8981-FD0619B5D31D}.QC|Any CPU.Build.0 = QC|Any CPU
		{29BF7D0E-77B8-4C5D-8981-FD0619B5D31D}.Release|Any CPU.ActiveCfg = Release|Any CPU
		{29BF7D0E-77B8-4C5D-8981-FD0619B5D31D}.Release|Any CPU.Build.0 = Release|Any CPU
		{B2BC4CF8-07A4-4116-8D36-C80CFB05DB68}.CustomerPreProduction|Any CPU.ActiveCfg = CustomerPreProduction|Any CPU
		{B2BC4CF8-07A4-4116-8D36-C80CFB05DB68}.CustomerPreProduction|Any CPU.Build.0 = CustomerPreProduction|Any CPU
		{B2BC4CF8-07A4-4116-8D36-C80CFB05DB68}.CustomerProduction|Any CPU.ActiveCfg = CustomerProduction|Any CPU
		{B2BC4CF8-07A4-4116-8D36-C80CFB05DB68}.CustomerProduction|Any CPU.Build.0 = CustomerProduction|Any CPU
		{B2BC4CF8-07A4-4116-8D36-C80CFB05DB68}.CustomerTestingServer|Any CPU.ActiveCfg = CustomerTestingServer|Any CPU
		{B2BC4CF8-07A4-4116-8D36-C80CFB05DB68}.CustomerTestingServer|Any CPU.Build.0 = CustomerTestingServer|Any CPU
		{B2BC4CF8-07A4-4116-8D36-C80CFB05DB68}.Debug|Any CPU.ActiveCfg = Debug|Any CPU
		{B2BC4CF8-07A4-4116-8D36-C80CFB05DB68}.Debug|Any CPU.Build.0 = Debug|Any CPU
		{B2BC4CF8-07A4-4116-8D36-C80CFB05DB68}.DebugLocal|Any CPU.ActiveCfg = Debug|Any CPU
		{B2BC4CF8-07A4-4116-8D36-C80CFB05DB68}.DebugLocal|Any CPU.Build.0 = Debug|Any CPU
		{B2BC4CF8-07A4-4116-8D36-C80CFB05DB68}.Dev|Any CPU.ActiveCfg = Dev|Any CPU
		{B2BC4CF8-07A4-4116-8D36-C80CFB05DB68}.Dev|Any CPU.Build.0 = Dev|Any CPU
		{B2BC4CF8-07A4-4116-8D36-C80CFB05DB68}.QC|Any CPU.ActiveCfg = QC|Any CPU
		{B2BC4CF8-07A4-4116-8D36-C80CFB05DB68}.QC|Any CPU.Build.0 = QC|Any CPU
		{B2BC4CF8-07A4-4116-8D36-C80CFB05DB68}.Release|Any CPU.ActiveCfg = Release|Any CPU
		{B2BC4CF8-07A4-4116-8D36-C80CFB05DB68}.Release|Any CPU.Build.0 = Release|Any CPU
		{206FCC51-A36F-4ACB-BB51-1203A25F04AE}.CustomerPreProduction|Any CPU.ActiveCfg = CustomerPreProduction|Any CPU
		{206FCC51-A36F-4ACB-BB51-1203A25F04AE}.CustomerPreProduction|Any CPU.Build.0 = CustomerPreProduction|Any CPU
		{206FCC51-A36F-4ACB-BB51-1203A25F04AE}.CustomerProduction|Any CPU.ActiveCfg = CustomerProduction|Any CPU
		{206FCC51-A36F-4ACB-BB51-1203A25F04AE}.CustomerProduction|Any CPU.Build.0 = CustomerProduction|Any CPU
		{206FCC51-A36F-4ACB-BB51-1203A25F04AE}.CustomerTestingServer|Any CPU.ActiveCfg = CustomerTestingServer|Any CPU
		{206FCC51-A36F-4ACB-BB51-1203A25F04AE}.CustomerTestingServer|Any CPU.Build.0 = CustomerTestingServer|Any CPU
		{206FCC51-A36F-4ACB-BB51-1203A25F04AE}.Debug|Any CPU.ActiveCfg = Debug|Any CPU
		{206FCC51-A36F-4ACB-BB51-1203A25F04AE}.Debug|Any CPU.Build.0 = Debug|Any CPU
		{206FCC51-A36F-4ACB-BB51-1203A25F04AE}.DebugLocal|Any CPU.ActiveCfg = Debug|Any CPU
		{206FCC51-A36F-4ACB-BB51-1203A25F04AE}.DebugLocal|Any CPU.Build.0 = Debug|Any CPU
		{206FCC51-A36F-4ACB-BB51-1203A25F04AE}.Dev|Any CPU.ActiveCfg = Dev|Any CPU
		{206FCC51-A36F-4ACB-BB51-1203A25F04AE}.Dev|Any CPU.Build.0 = Dev|Any CPU
		{206FCC51-A36F-4ACB-BB51-1203A25F04AE}.QC|Any CPU.ActiveCfg = QC|Any CPU
		{206FCC51-A36F-4ACB-BB51-1203A25F04AE}.QC|Any CPU.Build.0 = QC|Any CPU
		{206FCC51-A36F-4ACB-BB51-1203A25F04AE}.Release|Any CPU.ActiveCfg = Release|Any CPU
		{206FCC51-A36F-4ACB-BB51-1203A25F04AE}.Release|Any CPU.Build.0 = Release|Any CPU
		{3357C3BC-A6C2-4B68-BDBC-E604A9B1C5B0}.CustomerPreProduction|Any CPU.ActiveCfg = CustomerPreProduction|Any CPU
		{3357C3BC-A6C2-4B68-BDBC-E604A9B1C5B0}.CustomerPreProduction|Any CPU.Build.0 = CustomerPreProduction|Any CPU
		{3357C3BC-A6C2-4B68-BDBC-E604A9B1C5B0}.CustomerProduction|Any CPU.ActiveCfg = CustomerProduction|Any CPU
		{3357C3BC-A6C2-4B68-BDBC-E604A9B1C5B0}.CustomerProduction|Any CPU.Build.0 = CustomerProduction|Any CPU
		{3357C3BC-A6C2-4B68-BDBC-E604A9B1C5B0}.CustomerTestingServer|Any CPU.ActiveCfg = CustomerTestingServer|Any CPU
		{3357C3BC-A6C2-4B68-BDBC-E604A9B1C5B0}.CustomerTestingServer|Any CPU.Build.0 = CustomerTestingServer|Any CPU
		{3357C3BC-A6C2-4B68-BDBC-E604A9B1C5B0}.Debug|Any CPU.ActiveCfg = Debug|Any CPU
		{3357C3BC-A6C2-4B68-BDBC-E604A9B1C5B0}.Debug|Any CPU.Build.0 = Debug|Any CPU
		{3357C3BC-A6C2-4B68-BDBC-E604A9B1C5B0}.DebugLocal|Any CPU.ActiveCfg = Debug|Any CPU
		{3357C3BC-A6C2-4B68-BDBC-E604A9B1C5B0}.DebugLocal|Any CPU.Build.0 = Debug|Any CPU
		{3357C3BC-A6C2-4B68-BDBC-E604A9B1C5B0}.Dev|Any CPU.ActiveCfg = Dev|Any CPU
		{3357C3BC-A6C2-4B68-BDBC-E604A9B1C5B0}.Dev|Any CPU.Build.0 = Dev|Any CPU
		{3357C3BC-A6C2-4B68-BDBC-E604A9B1C5B0}.QC|Any CPU.ActiveCfg = QC|Any CPU
		{3357C3BC-A6C2-4B68-BDBC-E604A9B1C5B0}.QC|Any CPU.Build.0 = QC|Any CPU
		{3357C3BC-A6C2-4B68-BDBC-E604A9B1C5B0}.Release|Any CPU.ActiveCfg = Release|Any CPU
		{3357C3BC-A6C2-4B68-BDBC-E604A9B1C5B0}.Release|Any CPU.Build.0 = Release|Any CPU
		{71BF0D2D-E682-4A85-8699-D2C801FA6D66}.CustomerPreProduction|Any CPU.ActiveCfg = CustomerPreProduction|Any CPU
		{71BF0D2D-E682-4A85-8699-D2C801FA6D66}.CustomerPreProduction|Any CPU.Build.0 = CustomerPreProduction|Any CPU
		{71BF0D2D-E682-4A85-8699-D2C801FA6D66}.CustomerProduction|Any CPU.ActiveCfg = CustomerProduction|Any CPU
		{71BF0D2D-E682-4A85-8699-D2C801FA6D66}.CustomerProduction|Any CPU.Build.0 = CustomerProduction|Any CPU
		{71BF0D2D-E682-4A85-8699-D2C801FA6D66}.CustomerTestingServer|Any CPU.ActiveCfg = CustomerTestingServer|Any CPU
		{71BF0D2D-E682-4A85-8699-D2C801FA6D66}.CustomerTestingServer|Any CPU.Build.0 = CustomerTestingServer|Any CPU
		{71BF0D2D-E682-4A85-8699-D2C801FA6D66}.Debug|Any CPU.ActiveCfg = Debug|Any CPU
		{71BF0D2D-E682-4A85-8699-D2C801FA6D66}.Debug|Any CPU.Build.0 = Debug|Any CPU
		{71BF0D2D-E682-4A85-8699-D2C801FA6D66}.DebugLocal|Any CPU.ActiveCfg = Debug|Any CPU
		{71BF0D2D-E682-4A85-8699-D2C801FA6D66}.DebugLocal|Any CPU.Build.0 = Debug|Any CPU
		{71BF0D2D-E682-4A85-8699-D2C801FA6D66}.Dev|Any CPU.ActiveCfg = Dev|Any CPU
		{71BF0D2D-E682-4A85-8699-D2C801FA6D66}.Dev|Any CPU.Build.0 = Dev|Any CPU
		{71BF0D2D-E682-4A85-8699-D2C801FA6D66}.QC|Any CPU.ActiveCfg = QC|Any CPU
		{71BF0D2D-E682-4A85-8699-D2C801FA6D66}.QC|Any CPU.Build.0 = QC|Any CPU
		{71BF0D2D-E682-4A85-8699-D2C801FA6D66}.Release|Any CPU.ActiveCfg = Release|Any CPU
		{71BF0D2D-E682-4A85-8699-D2C801FA6D66}.Release|Any CPU.Build.0 = Release|Any CPU
		{D742C828-335C-412E-A230-C2BF4A5522CF}.CustomerPreProduction|Any CPU.ActiveCfg = CustomerPreProduction|Any CPU
		{D742C828-335C-412E-A230-C2BF4A5522CF}.CustomerPreProduction|Any CPU.Build.0 = CustomerPreProduction|Any CPU
		{D742C828-335C-412E-A230-C2BF4A5522CF}.CustomerProduction|Any CPU.ActiveCfg = CustomerProduction|Any CPU
		{D742C828-335C-412E-A230-C2BF4A5522CF}.CustomerProduction|Any CPU.Build.0 = CustomerProduction|Any CPU
		{D742C828-335C-412E-A230-C2BF4A5522CF}.CustomerTestingServer|Any CPU.ActiveCfg = CustomerTestingServer|Any CPU
		{D742C828-335C-412E-A230-C2BF4A5522CF}.CustomerTestingServer|Any CPU.Build.0 = CustomerTestingServer|Any CPU
		{D742C828-335C-412E-A230-C2BF4A5522CF}.Debug|Any CPU.ActiveCfg = Debug|Any CPU
		{D742C828-335C-412E-A230-C2BF4A5522CF}.Debug|Any CPU.Build.0 = Debug|Any CPU
		{D742C828-335C-412E-A230-C2BF4A5522CF}.DebugLocal|Any CPU.ActiveCfg = Debug|Any CPU
		{D742C828-335C-412E-A230-C2BF4A5522CF}.DebugLocal|Any CPU.Build.0 = Debug|Any CPU
		{D742C828-335C-412E-A230-C2BF4A5522CF}.Dev|Any CPU.ActiveCfg = Dev|Any CPU
		{D742C828-335C-412E-A230-C2BF4A5522CF}.Dev|Any CPU.Build.0 = Dev|Any CPU
		{D742C828-335C-412E-A230-C2BF4A5522CF}.QC|Any CPU.ActiveCfg = QC|Any CPU
		{D742C828-335C-412E-A230-C2BF4A5522CF}.QC|Any CPU.Build.0 = QC|Any CPU
		{D742C828-335C-412E-A230-C2BF4A5522CF}.Release|Any CPU.ActiveCfg = Release|Any CPU
		{D742C828-335C-412E-A230-C2BF4A5522CF}.Release|Any CPU.Build.0 = Release|Any CPU
		{2D51E899-087F-4717-8F91-8BA5102BE132}.CustomerPreProduction|Any CPU.ActiveCfg = Debug|Any CPU
		{2D51E899-087F-4717-8F91-8BA5102BE132}.CustomerPreProduction|Any CPU.Build.0 = Debug|Any CPU
		{2D51E899-087F-4717-8F91-8BA5102BE132}.CustomerProduction|Any CPU.ActiveCfg = Debug|Any CPU
		{2D51E899-087F-4717-8F91-8BA5102BE132}.CustomerProduction|Any CPU.Build.0 = Debug|Any CPU
		{2D51E899-087F-4717-8F91-8BA5102BE132}.CustomerTestingServer|Any CPU.ActiveCfg = Debug|Any CPU
		{2D51E899-087F-4717-8F91-8BA5102BE132}.CustomerTestingServer|Any CPU.Build.0 = Debug|Any CPU
		{2D51E899-087F-4717-8F91-8BA5102BE132}.Debug|Any CPU.ActiveCfg = Debug|Any CPU
		{2D51E899-087F-4717-8F91-8BA5102BE132}.Debug|Any CPU.Build.0 = Debug|Any CPU
		{2D51E899-087F-4717-8F91-8BA5102BE132}.DebugLocal|Any CPU.ActiveCfg = Debug|Any CPU
		{2D51E899-087F-4717-8F91-8BA5102BE132}.DebugLocal|Any CPU.Build.0 = Debug|Any CPU
		{2D51E899-087F-4717-8F91-8BA5102BE132}.Dev|Any CPU.ActiveCfg = Debug|Any CPU
		{2D51E899-087F-4717-8F91-8BA5102BE132}.Dev|Any CPU.Build.0 = Debug|Any CPU
		{2D51E899-087F-4717-8F91-8BA5102BE132}.QC|Any CPU.ActiveCfg = Debug|Any CPU
		{2D51E899-087F-4717-8F91-8BA5102BE132}.QC|Any CPU.Build.0 = Debug|Any CPU
		{2D51E899-087F-4717-8F91-8BA5102BE132}.Release|Any CPU.ActiveCfg = Release|Any CPU
		{2D51E899-087F-4717-8F91-8BA5102BE132}.Release|Any CPU.Build.0 = Release|Any CPU
		{5906D4DB-1CD8-4D59-8DEC-043C3243D8E1}.CustomerPreProduction|Any CPU.ActiveCfg = Debug|Any CPU
		{5906D4DB-1CD8-4D59-8DEC-043C3243D8E1}.CustomerPreProduction|Any CPU.Build.0 = Debug|Any CPU
		{5906D4DB-1CD8-4D59-8DEC-043C3243D8E1}.CustomerProduction|Any CPU.ActiveCfg = Debug|Any CPU
		{5906D4DB-1CD8-4D59-8DEC-043C3243D8E1}.CustomerProduction|Any CPU.Build.0 = Debug|Any CPU
		{5906D4DB-1CD8-4D59-8DEC-043C3243D8E1}.CustomerTestingServer|Any CPU.ActiveCfg = Debug|Any CPU
		{5906D4DB-1CD8-4D59-8DEC-043C3243D8E1}.CustomerTestingServer|Any CPU.Build.0 = Debug|Any CPU
		{5906D4DB-1CD8-4D59-8DEC-043C3243D8E1}.Debug|Any CPU.ActiveCfg = Debug|Any CPU
		{5906D4DB-1CD8-4D59-8DEC-043C3243D8E1}.Debug|Any CPU.Build.0 = Debug|Any CPU
		{5906D4DB-1CD8-4D59-8DEC-043C3243D8E1}.DebugLocal|Any CPU.ActiveCfg = Debug|Any CPU
		{5906D4DB-1CD8-4D59-8DEC-043C3243D8E1}.DebugLocal|Any CPU.Build.0 = Debug|Any CPU
		{5906D4DB-1CD8-4D59-8DEC-043C3243D8E1}.Dev|Any CPU.ActiveCfg = Debug|Any CPU
		{5906D4DB-1CD8-4D59-8DEC-043C3243D8E1}.Dev|Any CPU.Build.0 = Debug|Any CPU
		{5906D4DB-1CD8-4D59-8DEC-043C3243D8E1}.QC|Any CPU.ActiveCfg = Debug|Any CPU
		{5906D4DB-1CD8-4D59-8DEC-043C3243D8E1}.QC|Any CPU.Build.0 = Debug|Any CPU
		{5906D4DB-1CD8-4D59-8DEC-043C3243D8E1}.Release|Any CPU.ActiveCfg = Release|Any CPU
		{5906D4DB-1CD8-4D59-8DEC-043C3243D8E1}.Release|Any CPU.Build.0 = Release|Any CPU
		{AF11DB95-2B24-4E0D-AC83-E45E064B45D7}.CustomerPreProduction|Any CPU.ActiveCfg = Debug
		{AF11DB95-2B24-4E0D-AC83-E45E064B45D7}.CustomerPreProduction|Any CPU.Build.0 = Debug
		{AF11DB95-2B24-4E0D-AC83-E45E064B45D7}.CustomerPreProduction|Any CPU.Deploy.0 = Debug
		{AF11DB95-2B24-4E0D-AC83-E45E064B45D7}.CustomerProduction|Any CPU.ActiveCfg = Debug
		{AF11DB95-2B24-4E0D-AC83-E45E064B45D7}.CustomerProduction|Any CPU.Build.0 = Debug
		{AF11DB95-2B24-4E0D-AC83-E45E064B45D7}.CustomerProduction|Any CPU.Deploy.0 = Debug
		{AF11DB95-2B24-4E0D-AC83-E45E064B45D7}.CustomerTestingServer|Any CPU.ActiveCfg = Debug
		{AF11DB95-2B24-4E0D-AC83-E45E064B45D7}.CustomerTestingServer|Any CPU.Build.0 = Debug
		{AF11DB95-2B24-4E0D-AC83-E45E064B45D7}.CustomerTestingServer|Any CPU.Deploy.0 = Debug
		{AF11DB95-2B24-4E0D-AC83-E45E064B45D7}.Debug|Any CPU.ActiveCfg = Debug
		{AF11DB95-2B24-4E0D-AC83-E45E064B45D7}.Debug|Any CPU.Build.0 = Debug
		{AF11DB95-2B24-4E0D-AC83-E45E064B45D7}.Debug|Any CPU.Deploy.0 = Debug
		{AF11DB95-2B24-4E0D-AC83-E45E064B45D7}.DebugLocal|Any CPU.ActiveCfg = DebugLocal
		{AF11DB95-2B24-4E0D-AC83-E45E064B45D7}.DebugLocal|Any CPU.Build.0 = DebugLocal
		{AF11DB95-2B24-4E0D-AC83-E45E064B45D7}.Dev|Any CPU.ActiveCfg = Debug
		{AF11DB95-2B24-4E0D-AC83-E45E064B45D7}.Dev|Any CPU.Build.0 = Debug
		{AF11DB95-2B24-4E0D-AC83-E45E064B45D7}.Dev|Any CPU.Deploy.0 = Debug
		{AF11DB95-2B24-4E0D-AC83-E45E064B45D7}.QC|Any CPU.ActiveCfg = Debug
		{AF11DB95-2B24-4E0D-AC83-E45E064B45D7}.QC|Any CPU.Build.0 = Debug
		{AF11DB95-2B24-4E0D-AC83-E45E064B45D7}.QC|Any CPU.Deploy.0 = Debug
		{AF11DB95-2B24-4E0D-AC83-E45E064B45D7}.Release|Any CPU.ActiveCfg = Release
		{AF11DB95-2B24-4E0D-AC83-E45E064B45D7}.Release|Any CPU.Build.0 = Release
		{AF11DB95-2B24-4E0D-AC83-E45E064B45D7}.Release|Any CPU.Deploy.0 = Release
	EndGlobalSection
	GlobalSection(SolutionProperties) = preSolution
		HideSolutionNode = FALSE
	EndGlobalSection
	GlobalSection(NestedProjects) = preSolution
		{FB7F15A4-BCF2-4209-BD74-BFD051E2FB99} = {27F9169E-C68E-4253-8A56-BFBC02FB91E5}
		{2097A491-878A-4409-A665-92C13A0E7F08} = {FB7F15A4-BCF2-4209-BD74-BFD051E2FB99}
		{B2999FF5-016F-4EFC-93FF-D846858BDD87} = {5C77B026-66FE-48CE-8BF7-545E303654C7}
		{99F46178-1E91-462D-8DDD-A5F27AFB5B7F} = {C8AEB806-6294-4FAE-ADBE-0A1C3FF36D34}
		{937155CC-CB3A-48F1-AD20-C55931483CA6} = {701D7663-43CE-42D4-9838-ABC484A01615}
		{5FF8F487-0A81-4628-9774-B9CAFD10B851} = {5C77B026-66FE-48CE-8BF7-545E303654C7}
		{62BB5A12-2707-40C2-9826-DC1153677234} = {C8AEB806-6294-4FAE-ADBE-0A1C3FF36D34}
		{D628FDAF-9567-4160-9AF1-B08A2EBFE5BE} = {A498AAE4-58D1-4295-9F45-46825E3DCC40}
		{F92FDFAD-A16D-48D2-AE1C-58DBE88CA30C} = {C8AEB806-6294-4FAE-ADBE-0A1C3FF36D34}
		{3D61C374-4CE2-4F17-A25D-7A0C1C3E64A6} = {F92FDFAD-A16D-48D2-AE1C-58DBE88CA30C}
		{40042F3B-9B91-4F0B-8330-6AC295FF0E45} = {F92FDFAD-A16D-48D2-AE1C-58DBE88CA30C}
		{1161D672-E396-486B-9191-FD10D7BF6325} = {A498AAE4-58D1-4295-9F45-46825E3DCC40}
		{1169E619-FC34-41F7-847B-D5B191211407} = {F92FDFAD-A16D-48D2-AE1C-58DBE88CA30C}
		{CE0DB18D-5B4E-4F39-AB3F-6933D8608476} = {F92FDFAD-A16D-48D2-AE1C-58DBE88CA30C}
		{EB4A84EF-702A-4833-A805-68FD36442B36} = {F92FDFAD-A16D-48D2-AE1C-58DBE88CA30C}
		{DFA84D3C-57D5-467C-9F33-431825799245} = {F92FDFAD-A16D-48D2-AE1C-58DBE88CA30C}
		{B6CDBE3A-C281-4C27-8C6E-E96B2DB09061} = {F92FDFAD-A16D-48D2-AE1C-58DBE88CA30C}
		{E5385B5A-7F61-4753-8BBE-B4661992177C} = {A498AAE4-58D1-4295-9F45-46825E3DCC40}
		{29BF7D0E-77B8-4C5D-8981-FD0619B5D31D} = {A498AAE4-58D1-4295-9F45-46825E3DCC40}
		{B2BC4CF8-07A4-4116-8D36-C80CFB05DB68} = {A498AAE4-58D1-4295-9F45-46825E3DCC40}
		{206FCC51-A36F-4ACB-BB51-1203A25F04AE} = {F92FDFAD-A16D-48D2-AE1C-58DBE88CA30C}
		{3357C3BC-A6C2-4B68-BDBC-E604A9B1C5B0} = {F92FDFAD-A16D-48D2-AE1C-58DBE88CA30C}
		{71BF0D2D-E682-4A85-8699-D2C801FA6D66} = {F92FDFAD-A16D-48D2-AE1C-58DBE88CA30C}
		{D742C828-335C-412E-A230-C2BF4A5522CF} = {F92FDFAD-A16D-48D2-AE1C-58DBE88CA30C}
		{A498AAE4-58D1-4295-9F45-46825E3DCC40} = {F92FDFAD-A16D-48D2-AE1C-58DBE88CA30C}
		{2D51E899-087F-4717-8F91-8BA5102BE132} = {262B04F7-E8AF-4346-9B57-CF2A34C73289}
		{5906D4DB-1CD8-4D59-8DEC-043C3243D8E1} = {701D7663-43CE-42D4-9838-ABC484A01615}
		{AF11DB95-2B24-4E0D-AC83-E45E064B45D7} = {617CA4D2-2ECD-4C37-BDBD-6261526BAACF}
	EndGlobalSection
	GlobalSection(ExtensibilityGlobals) = postSolution
		SolutionGuid = {97FC2C06-5C57-4252-8870-9B6150BCA17C}
	EndGlobalSection
EndGlobal
